// !$*UTF8*$!
{
	archiveVersion = 1;
	classes = {
	};
	objectVersion = 56;
	objects = {

/* Begin PBXBuildFile section */
		36A1DF712A8164A300614F34 /* testApp1App.swift in Sources */ = {isa = PBXBuildFile; fileRef = 36A1DF702A8164A300614F34 /* testApp1App.swift */; };
		36A1DF752A8164A600614F34 /* Assets.xcassets in Resources */ = {isa = PBXBuildFile; fileRef = 36A1DF742A8164A600614F34 /* Assets.xcassets */; };
		36A1DF8D2A8164A600614F34 /* testApp1UITests.swift in Sources */ = {isa = PBXBuildFile; fileRef = 36A1DF8C2A8164A600614F34 /* testApp1UITests.swift */; };
		36A1DF8F2A8164A600614F34 /* testApp1UITestsLaunchTests.swift in Sources */ = {isa = PBXBuildFile; fileRef = 36A1DF8E2A8164A600614F34 /* testApp1UITestsLaunchTests.swift */; };
		36A1DF9D2A81650B00614F34 /* FirebaseAnalytics in Frameworks */ = {isa = PBXBuildFile; productRef = 36A1DF9C2A81650B00614F34 /* FirebaseAnalytics */; };
		36A1DF9F2A81650B00614F34 /* FirebaseAnalyticsOnDeviceConversion in Frameworks */ = {isa = PBXBuildFile; productRef = 36A1DF9E2A81650B00614F34 /* FirebaseAnalyticsOnDeviceConversion */; };
		36A1DFA12A81650B00614F34 /* FirebaseAnalyticsSwift in Frameworks */ = {isa = PBXBuildFile; productRef = 36A1DFA02A81650B00614F34 /* FirebaseAnalyticsSwift */; };
		36A1DFA32A81650B00614F34 /* FirebaseAnalyticsWithoutAdIdSupport in Frameworks */ = {isa = PBXBuildFile; productRef = 36A1DFA22A81650B00614F34 /* FirebaseAnalyticsWithoutAdIdSupport */; };
		36A1DFA52A81650B00614F34 /* FirebaseAppCheck in Frameworks */ = {isa = PBXBuildFile; productRef = 36A1DFA42A81650B00614F34 /* FirebaseAppCheck */; };
		36A1DFA72A81650B00614F34 /* FirebaseAppDistribution-Beta in Frameworks */ = {isa = PBXBuildFile; productRef = 36A1DFA62A81650B00614F34 /* FirebaseAppDistribution-Beta */; };
		36A1DFA92A81650B00614F34 /* FirebaseAuth in Frameworks */ = {isa = PBXBuildFile; productRef = 36A1DFA82A81650B00614F34 /* FirebaseAuth */; };
		36A1DFAB2A81650B00614F34 /* FirebaseAuthCombine-Community in Frameworks */ = {isa = PBXBuildFile; productRef = 36A1DFAA2A81650B00614F34 /* FirebaseAuthCombine-Community */; };
		36A1DFAD2A81650B00614F34 /* FirebaseCrashlytics in Frameworks */ = {isa = PBXBuildFile; productRef = 36A1DFAC2A81650B00614F34 /* FirebaseCrashlytics */; };
		36A1DFAF2A81650B00614F34 /* FirebaseDatabase in Frameworks */ = {isa = PBXBuildFile; productRef = 36A1DFAE2A81650B00614F34 /* FirebaseDatabase */; };
		36A1DFB12A81650B00614F34 /* FirebaseDatabaseSwift in Frameworks */ = {isa = PBXBuildFile; productRef = 36A1DFB02A81650B00614F34 /* FirebaseDatabaseSwift */; };
		36A1DFB32A81650B00614F34 /* FirebaseDynamicLinks in Frameworks */ = {isa = PBXBuildFile; productRef = 36A1DFB22A81650B00614F34 /* FirebaseDynamicLinks */; };
		36A1DFB52A81650B00614F34 /* FirebaseFirestore in Frameworks */ = {isa = PBXBuildFile; productRef = 36A1DFB42A81650B00614F34 /* FirebaseFirestore */; };
		36A1DFB72A81650B00614F34 /* FirebaseFirestoreCombine-Community in Frameworks */ = {isa = PBXBuildFile; productRef = 36A1DFB62A81650B00614F34 /* FirebaseFirestoreCombine-Community */; };
		36A1DFB92A81650B00614F34 /* FirebaseFirestoreSwift in Frameworks */ = {isa = PBXBuildFile; productRef = 36A1DFB82A81650B00614F34 /* FirebaseFirestoreSwift */; };
		36A1DFBB2A81650B00614F34 /* FirebaseFunctions in Frameworks */ = {isa = PBXBuildFile; productRef = 36A1DFBA2A81650B00614F34 /* FirebaseFunctions */; };
		36A1DFBD2A81650B00614F34 /* FirebaseFunctionsCombine-Community in Frameworks */ = {isa = PBXBuildFile; productRef = 36A1DFBC2A81650B00614F34 /* FirebaseFunctionsCombine-Community */; };
		36A1DFBF2A81650B00614F34 /* FirebaseInAppMessaging-Beta in Frameworks */ = {isa = PBXBuildFile; productRef = 36A1DFBE2A81650B00614F34 /* FirebaseInAppMessaging-Beta */; };
		36A1DFC12A81650B00614F34 /* FirebaseInAppMessagingSwift-Beta in Frameworks */ = {isa = PBXBuildFile; productRef = 36A1DFC02A81650B00614F34 /* FirebaseInAppMessagingSwift-Beta */; };
		36A1DFC32A81650B00614F34 /* FirebaseInstallations in Frameworks */ = {isa = PBXBuildFile; productRef = 36A1DFC22A81650B00614F34 /* FirebaseInstallations */; };
		36A1DFC52A81650B00614F34 /* FirebaseMLModelDownloader in Frameworks */ = {isa = PBXBuildFile; productRef = 36A1DFC42A81650B00614F34 /* FirebaseMLModelDownloader */; };
		36A1DFC72A81650B00614F34 /* FirebaseMessaging in Frameworks */ = {isa = PBXBuildFile; productRef = 36A1DFC62A81650B00614F34 /* FirebaseMessaging */; };
		36A1DFC92A81650B00614F34 /* FirebasePerformance in Frameworks */ = {isa = PBXBuildFile; productRef = 36A1DFC82A81650B00614F34 /* FirebasePerformance */; };
		36A1DFCB2A81650B00614F34 /* FirebaseRemoteConfig in Frameworks */ = {isa = PBXBuildFile; productRef = 36A1DFCA2A81650B00614F34 /* FirebaseRemoteConfig */; };
		36A1DFCD2A81650B00614F34 /* FirebaseRemoteConfigSwift in Frameworks */ = {isa = PBXBuildFile; productRef = 36A1DFCC2A81650B00614F34 /* FirebaseRemoteConfigSwift */; };
		36A1DFCF2A81650B00614F34 /* FirebaseStorage in Frameworks */ = {isa = PBXBuildFile; productRef = 36A1DFCE2A81650B00614F34 /* FirebaseStorage */; };
		36A1DFD12A81650B00614F34 /* FirebaseStorageCombine-Community in Frameworks */ = {isa = PBXBuildFile; productRef = 36A1DFD02A81650B00614F34 /* FirebaseStorageCombine-Community */; };
		36D08BED2A8166C1007F9B2C /* testplan1.xctestplan in Resources */ = {isa = PBXBuildFile; fileRef = 36D08BEC2A8166C1007F9B2C /* testplan1.xctestplan */; };
		36D08BF22A816CB1007F9B2C /* FirebaseAnalytics in Frameworks */ = {isa = PBXBuildFile; productRef = 36D08BF12A816CB1007F9B2C /* FirebaseAnalytics */; };
		36D08BF42A816CB1007F9B2C /* FirebaseAnalyticsOnDeviceConversion in Frameworks */ = {isa = PBXBuildFile; productRef = 36D08BF32A816CB1007F9B2C /* FirebaseAnalyticsOnDeviceConversion */; };
		36D08BF62A816CB1007F9B2C /* FirebaseAnalyticsSwift in Frameworks */ = {isa = PBXBuildFile; productRef = 36D08BF52A816CB1007F9B2C /* FirebaseAnalyticsSwift */; };
		36D08BF82A816CB1007F9B2C /* FirebaseAnalyticsWithoutAdIdSupport in Frameworks */ = {isa = PBXBuildFile; productRef = 36D08BF72A816CB1007F9B2C /* FirebaseAnalyticsWithoutAdIdSupport */; };
		36D08BFA2A816CB1007F9B2C /* FirebaseAppCheck in Frameworks */ = {isa = PBXBuildFile; productRef = 36D08BF92A816CB1007F9B2C /* FirebaseAppCheck */; };
		36D08BFC2A816CB1007F9B2C /* FirebaseAppDistribution-Beta in Frameworks */ = {isa = PBXBuildFile; productRef = 36D08BFB2A816CB1007F9B2C /* FirebaseAppDistribution-Beta */; };
		36D08BFE2A816CB1007F9B2C /* FirebaseAuth in Frameworks */ = {isa = PBXBuildFile; productRef = 36D08BFD2A816CB1007F9B2C /* FirebaseAuth */; };
		36D08C002A816CB1007F9B2C /* FirebaseAuthCombine-Community in Frameworks */ = {isa = PBXBuildFile; productRef = 36D08BFF2A816CB1007F9B2C /* FirebaseAuthCombine-Community */; };
		36D08C022A816CB1007F9B2C /* FirebaseCrashlytics in Frameworks */ = {isa = PBXBuildFile; productRef = 36D08C012A816CB1007F9B2C /* FirebaseCrashlytics */; };
		36D08C042A816CB2007F9B2C /* FirebaseDatabase in Frameworks */ = {isa = PBXBuildFile; productRef = 36D08C032A816CB2007F9B2C /* FirebaseDatabase */; };
		36D08C062A816CB2007F9B2C /* FirebaseDatabaseSwift in Frameworks */ = {isa = PBXBuildFile; productRef = 36D08C052A816CB2007F9B2C /* FirebaseDatabaseSwift */; };
		36D08C082A816CB2007F9B2C /* FirebaseDynamicLinks in Frameworks */ = {isa = PBXBuildFile; productRef = 36D08C072A816CB2007F9B2C /* FirebaseDynamicLinks */; };
		36D08C0A2A816CB2007F9B2C /* FirebaseFirestore in Frameworks */ = {isa = PBXBuildFile; productRef = 36D08C092A816CB2007F9B2C /* FirebaseFirestore */; };
		36D08C0C2A816CB2007F9B2C /* FirebaseFirestoreCombine-Community in Frameworks */ = {isa = PBXBuildFile; productRef = 36D08C0B2A816CB2007F9B2C /* FirebaseFirestoreCombine-Community */; };
		36D08C0E2A816CB2007F9B2C /* FirebaseFirestoreSwift in Frameworks */ = {isa = PBXBuildFile; productRef = 36D08C0D2A816CB2007F9B2C /* FirebaseFirestoreSwift */; };
		36D08C102A816CB2007F9B2C /* FirebaseFunctions in Frameworks */ = {isa = PBXBuildFile; productRef = 36D08C0F2A816CB2007F9B2C /* FirebaseFunctions */; };
		36D08C122A816CB2007F9B2C /* FirebaseFunctionsCombine-Community in Frameworks */ = {isa = PBXBuildFile; productRef = 36D08C112A816CB2007F9B2C /* FirebaseFunctionsCombine-Community */; };
		36D08C142A816CB2007F9B2C /* FirebaseInAppMessaging-Beta in Frameworks */ = {isa = PBXBuildFile; productRef = 36D08C132A816CB2007F9B2C /* FirebaseInAppMessaging-Beta */; };
		36D08C162A816CB2007F9B2C /* FirebaseInAppMessagingSwift-Beta in Frameworks */ = {isa = PBXBuildFile; productRef = 36D08C152A816CB2007F9B2C /* FirebaseInAppMessagingSwift-Beta */; };
		36D08C182A816CB3007F9B2C /* FirebaseInstallations in Frameworks */ = {isa = PBXBuildFile; productRef = 36D08C172A816CB3007F9B2C /* FirebaseInstallations */; };
		36D08C1A2A816CB3007F9B2C /* FirebaseMessaging in Frameworks */ = {isa = PBXBuildFile; productRef = 36D08C192A816CB3007F9B2C /* FirebaseMessaging */; };
		36D08C1C2A816CB3007F9B2C /* FirebaseMLModelDownloader in Frameworks */ = {isa = PBXBuildFile; productRef = 36D08C1B2A816CB3007F9B2C /* FirebaseMLModelDownloader */; };
		36D08C1E2A816CB3007F9B2C /* FirebasePerformance in Frameworks */ = {isa = PBXBuildFile; productRef = 36D08C1D2A816CB3007F9B2C /* FirebasePerformance */; };
		36D08C202A816CB3007F9B2C /* FirebaseRemoteConfig in Frameworks */ = {isa = PBXBuildFile; productRef = 36D08C1F2A816CB3007F9B2C /* FirebaseRemoteConfig */; };
		36D08C222A816CB3007F9B2C /* FirebaseRemoteConfigSwift in Frameworks */ = {isa = PBXBuildFile; productRef = 36D08C212A816CB3007F9B2C /* FirebaseRemoteConfigSwift */; };
		36D08C242A816CB4007F9B2C /* FirebaseStorage in Frameworks */ = {isa = PBXBuildFile; productRef = 36D08C232A816CB4007F9B2C /* FirebaseStorage */; };
		36D08C262A816CB4007F9B2C /* FirebaseStorageCombine-Community in Frameworks */ = {isa = PBXBuildFile; productRef = 36D08C252A816CB4007F9B2C /* FirebaseStorageCombine-Community */; };
		36D08C282A816FBC007F9B2C /* FirebaseAnalytics in Frameworks */ = {isa = PBXBuildFile; productRef = 36D08C272A816FBC007F9B2C /* FirebaseAnalytics */; };
		36D08C2A2A816FBC007F9B2C /* FirebaseAnalyticsOnDeviceConversion in Frameworks */ = {isa = PBXBuildFile; productRef = 36D08C292A816FBC007F9B2C /* FirebaseAnalyticsOnDeviceConversion */; };
		36D08C2C2A816FBC007F9B2C /* FirebaseAnalyticsSwift in Frameworks */ = {isa = PBXBuildFile; productRef = 36D08C2B2A816FBC007F9B2C /* FirebaseAnalyticsSwift */; };
		36D08C2E2A816FBC007F9B2C /* FirebaseAnalyticsWithoutAdIdSupport in Frameworks */ = {isa = PBXBuildFile; productRef = 36D08C2D2A816FBC007F9B2C /* FirebaseAnalyticsWithoutAdIdSupport */; };
		36D08C302A816FBC007F9B2C /* FirebaseAppCheck in Frameworks */ = {isa = PBXBuildFile; productRef = 36D08C2F2A816FBC007F9B2C /* FirebaseAppCheck */; };
		36D08C322A816FBC007F9B2C /* FirebaseAppDistribution-Beta in Frameworks */ = {isa = PBXBuildFile; productRef = 36D08C312A816FBC007F9B2C /* FirebaseAppDistribution-Beta */; };
		36D08C342A816FBC007F9B2C /* FirebaseAuth in Frameworks */ = {isa = PBXBuildFile; productRef = 36D08C332A816FBC007F9B2C /* FirebaseAuth */; };
		36D08C362A816FBC007F9B2C /* FirebaseAuthCombine-Community in Frameworks */ = {isa = PBXBuildFile; productRef = 36D08C352A816FBC007F9B2C /* FirebaseAuthCombine-Community */; };
		36D08C382A816FBC007F9B2C /* FirebaseCrashlytics in Frameworks */ = {isa = PBXBuildFile; productRef = 36D08C372A816FBC007F9B2C /* FirebaseCrashlytics */; };
		36D08C3A2A816FBC007F9B2C /* FirebaseDatabase in Frameworks */ = {isa = PBXBuildFile; productRef = 36D08C392A816FBC007F9B2C /* FirebaseDatabase */; };
		36D08C3C2A816FBC007F9B2C /* FirebaseDatabaseSwift in Frameworks */ = {isa = PBXBuildFile; productRef = 36D08C3B2A816FBC007F9B2C /* FirebaseDatabaseSwift */; };
		36D08C3E2A816FBD007F9B2C /* FirebaseDynamicLinks in Frameworks */ = {isa = PBXBuildFile; productRef = 36D08C3D2A816FBD007F9B2C /* FirebaseDynamicLinks */; };
		36D08C402A816FBD007F9B2C /* FirebaseFirestore in Frameworks */ = {isa = PBXBuildFile; productRef = 36D08C3F2A816FBD007F9B2C /* FirebaseFirestore */; };
		36D08C422A816FBD007F9B2C /* FirebaseFirestoreCombine-Community in Frameworks */ = {isa = PBXBuildFile; productRef = 36D08C412A816FBD007F9B2C /* FirebaseFirestoreCombine-Community */; };
		36D08C442A816FBD007F9B2C /* FirebaseFirestoreSwift in Frameworks */ = {isa = PBXBuildFile; productRef = 36D08C432A816FBD007F9B2C /* FirebaseFirestoreSwift */; };
		36D08C462A816FBD007F9B2C /* FirebaseFunctions in Frameworks */ = {isa = PBXBuildFile; productRef = 36D08C452A816FBD007F9B2C /* FirebaseFunctions */; };
		36D08C482A816FBD007F9B2C /* FirebaseFunctionsCombine-Community in Frameworks */ = {isa = PBXBuildFile; productRef = 36D08C472A816FBD007F9B2C /* FirebaseFunctionsCombine-Community */; };
		36D08C4A2A816FBD007F9B2C /* FirebaseInAppMessaging-Beta in Frameworks */ = {isa = PBXBuildFile; productRef = 36D08C492A816FBD007F9B2C /* FirebaseInAppMessaging-Beta */; };
		36D08C4C2A816FBE007F9B2C /* FirebaseInAppMessagingSwift-Beta in Frameworks */ = {isa = PBXBuildFile; productRef = 36D08C4B2A816FBE007F9B2C /* FirebaseInAppMessagingSwift-Beta */; };
		36D08C4E2A816FBE007F9B2C /* FirebaseInstallations in Frameworks */ = {isa = PBXBuildFile; productRef = 36D08C4D2A816FBE007F9B2C /* FirebaseInstallations */; };
		36D08C502A816FBE007F9B2C /* FirebaseMessaging in Frameworks */ = {isa = PBXBuildFile; productRef = 36D08C4F2A816FBE007F9B2C /* FirebaseMessaging */; };
		36D08C522A816FBE007F9B2C /* FirebaseMLModelDownloader in Frameworks */ = {isa = PBXBuildFile; productRef = 36D08C512A816FBE007F9B2C /* FirebaseMLModelDownloader */; };
		36D08C542A816FBF007F9B2C /* FirebasePerformance in Frameworks */ = {isa = PBXBuildFile; productRef = 36D08C532A816FBF007F9B2C /* FirebasePerformance */; };
		36D08C562A816FBF007F9B2C /* FirebaseRemoteConfig in Frameworks */ = {isa = PBXBuildFile; productRef = 36D08C552A816FBF007F9B2C /* FirebaseRemoteConfig */; };
		36D08C582A816FBF007F9B2C /* FirebaseRemoteConfigSwift in Frameworks */ = {isa = PBXBuildFile; productRef = 36D08C572A816FBF007F9B2C /* FirebaseRemoteConfigSwift */; };
		36D08C5A2A816FBF007F9B2C /* FirebaseStorage in Frameworks */ = {isa = PBXBuildFile; productRef = 36D08C592A816FBF007F9B2C /* FirebaseStorage */; };
		36D08C5C2A816FC0007F9B2C /* FirebaseStorageCombine-Community in Frameworks */ = {isa = PBXBuildFile; productRef = 36D08C5B2A816FC0007F9B2C /* FirebaseStorageCombine-Community */; };
/* End PBXBuildFile section */

/* Begin PBXContainerItemProxy section */
		36A1DF7F2A8164A600614F34 /* PBXContainerItemProxy */ = {
			isa = PBXContainerItemProxy;
			containerPortal = 36A1DF652A8164A300614F34 /* Project object */;
			proxyType = 1;
			remoteGlobalIDString = 36A1DF6C2A8164A300614F34;
			remoteInfo = testApp1;
		};
		36A1DF892A8164A600614F34 /* PBXContainerItemProxy */ = {
			isa = PBXContainerItemProxy;
			containerPortal = 36A1DF652A8164A300614F34 /* Project object */;
			proxyType = 1;
			remoteGlobalIDString = 36A1DF6C2A8164A300614F34;
			remoteInfo = testApp1;
		};
/* End PBXContainerItemProxy section */

/* Begin PBXFileReference section */
		36A1DF6D2A8164A300614F34 /* testApp1.app */ = {isa = PBXFileReference; explicitFileType = wrapper.application; includeInIndex = 0; path = testApp1.app; sourceTree = BUILT_PRODUCTS_DIR; };
		36A1DF702A8164A300614F34 /* testApp1App.swift */ = {isa = PBXFileReference; lastKnownFileType = sourcecode.swift; path = testApp1App.swift; sourceTree = "<group>"; };
		36A1DF742A8164A600614F34 /* Assets.xcassets */ = {isa = PBXFileReference; lastKnownFileType = folder.assetcatalog; path = Assets.xcassets; sourceTree = "<group>"; };
		36A1DF762A8164A600614F34 /* testApp1.entitlements */ = {isa = PBXFileReference; lastKnownFileType = text.plist.entitlements; path = testApp1.entitlements; sourceTree = "<group>"; };
		36A1DF7E2A8164A600614F34 /* testApp1Tests.xctest */ = {isa = PBXFileReference; explicitFileType = wrapper.cfbundle; includeInIndex = 0; path = testApp1Tests.xctest; sourceTree = BUILT_PRODUCTS_DIR; };
		36A1DF822A8164A600614F34 /* testApp1Tests.swift */ = {isa = PBXFileReference; lastKnownFileType = sourcecode.swift; path = testApp1Tests.swift; sourceTree = "<group>"; };
		36A1DF882A8164A600614F34 /* testApp1UITests.xctest */ = {isa = PBXFileReference; explicitFileType = wrapper.cfbundle; includeInIndex = 0; path = testApp1UITests.xctest; sourceTree = BUILT_PRODUCTS_DIR; };
		36A1DF8C2A8164A600614F34 /* testApp1UITests.swift */ = {isa = PBXFileReference; lastKnownFileType = sourcecode.swift; path = testApp1UITests.swift; sourceTree = "<group>"; };
		36A1DF8E2A8164A600614F34 /* testApp1UITestsLaunchTests.swift */ = {isa = PBXFileReference; lastKnownFileType = sourcecode.swift; path = testApp1UITestsLaunchTests.swift; sourceTree = "<group>"; };
		36D08BEC2A8166C1007F9B2C /* testplan1.xctestplan */ = {isa = PBXFileReference; fileEncoding = 4; lastKnownFileType = text; path = testplan1.xctestplan; sourceTree = "<group>"; };
		36D08BEE2A81674A007F9B2C /* Info.plist */ = {isa = PBXFileReference; fileEncoding = 4; lastKnownFileType = text.plist.xml; path = Info.plist; sourceTree = "<group>"; };
/* End PBXFileReference section */

/* Begin PBXFrameworksBuildPhase section */
		36A1DF6A2A8164A300614F34 /* Frameworks */ = {
			isa = PBXFrameworksBuildPhase;
			buildActionMask = 2147483647;
			files = (
				36A1DFAF2A81650B00614F34 /* FirebaseDatabase in Frameworks */,
				36A1DFBD2A81650B00614F34 /* FirebaseFunctionsCombine-Community in Frameworks */,
				36A1DFB52A81650B00614F34 /* FirebaseFirestore in Frameworks */,
				36A1DFA12A81650B00614F34 /* FirebaseAnalyticsSwift in Frameworks */,
				36A1DF9D2A81650B00614F34 /* FirebaseAnalytics in Frameworks */,
				36A1DF9F2A81650B00614F34 /* FirebaseAnalyticsOnDeviceConversion in Frameworks */,
				36A1DFC52A81650B00614F34 /* FirebaseMLModelDownloader in Frameworks */,
				36A1DFB92A81650B00614F34 /* FirebaseFirestoreSwift in Frameworks */,
				36A1DFA52A81650B00614F34 /* FirebaseAppCheck in Frameworks */,
				36A1DFA32A81650B00614F34 /* FirebaseAnalyticsWithoutAdIdSupport in Frameworks */,
				36A1DFA92A81650B00614F34 /* FirebaseAuth in Frameworks */,
				36A1DFAD2A81650B00614F34 /* FirebaseCrashlytics in Frameworks */,
				36A1DFCD2A81650B00614F34 /* FirebaseRemoteConfigSwift in Frameworks */,
				36A1DFBF2A81650B00614F34 /* FirebaseInAppMessaging-Beta in Frameworks */,
				36A1DFB12A81650B00614F34 /* FirebaseDatabaseSwift in Frameworks */,
				36A1DFBB2A81650B00614F34 /* FirebaseFunctions in Frameworks */,
				36A1DFD12A81650B00614F34 /* FirebaseStorageCombine-Community in Frameworks */,
				36A1DFCB2A81650B00614F34 /* FirebaseRemoteConfig in Frameworks */,
				36A1DFA72A81650B00614F34 /* FirebaseAppDistribution-Beta in Frameworks */,
				36A1DFAB2A81650B00614F34 /* FirebaseAuthCombine-Community in Frameworks */,
				36A1DFC92A81650B00614F34 /* FirebasePerformance in Frameworks */,
				36A1DFC12A81650B00614F34 /* FirebaseInAppMessagingSwift-Beta in Frameworks */,
				36A1DFCF2A81650B00614F34 /* FirebaseStorage in Frameworks */,
				36A1DFB32A81650B00614F34 /* FirebaseDynamicLinks in Frameworks */,
				36A1DFB72A81650B00614F34 /* FirebaseFirestoreCombine-Community in Frameworks */,
				36A1DFC72A81650B00614F34 /* FirebaseMessaging in Frameworks */,
				36A1DFC32A81650B00614F34 /* FirebaseInstallations in Frameworks */,
			);
			runOnlyForDeploymentPostprocessing = 0;
		};
		36A1DF7B2A8164A600614F34 /* Frameworks */ = {
			isa = PBXFrameworksBuildPhase;
			buildActionMask = 2147483647;
			files = (
				36D08C042A816CB2007F9B2C /* FirebaseDatabase in Frameworks */,
				36D08C122A816CB2007F9B2C /* FirebaseFunctionsCombine-Community in Frameworks */,
				36D08C0A2A816CB2007F9B2C /* FirebaseFirestore in Frameworks */,
				36D08BF62A816CB1007F9B2C /* FirebaseAnalyticsSwift in Frameworks */,
				36D08BF22A816CB1007F9B2C /* FirebaseAnalytics in Frameworks */,
				36D08BF42A816CB1007F9B2C /* FirebaseAnalyticsOnDeviceConversion in Frameworks */,
				36D08C0E2A816CB2007F9B2C /* FirebaseFirestoreSwift in Frameworks */,
				36D08C1C2A816CB3007F9B2C /* FirebaseMLModelDownloader in Frameworks */,
				36D08BFA2A816CB1007F9B2C /* FirebaseAppCheck in Frameworks */,
				36D08BF82A816CB1007F9B2C /* FirebaseAnalyticsWithoutAdIdSupport in Frameworks */,
				36D08C1A2A816CB3007F9B2C /* FirebaseMessaging in Frameworks */,
				36D08BFE2A816CB1007F9B2C /* FirebaseAuth in Frameworks */,
				36D08C222A816CB3007F9B2C /* FirebaseRemoteConfigSwift in Frameworks */,
				36D08C022A816CB1007F9B2C /* FirebaseCrashlytics in Frameworks */,
				36D08C142A816CB2007F9B2C /* FirebaseInAppMessaging-Beta in Frameworks */,
				36D08C062A816CB2007F9B2C /* FirebaseDatabaseSwift in Frameworks */,
				36D08C262A816CB4007F9B2C /* FirebaseStorageCombine-Community in Frameworks */,
				36D08C202A816CB3007F9B2C /* FirebaseRemoteConfig in Frameworks */,
				36D08C102A816CB2007F9B2C /* FirebaseFunctions in Frameworks */,
				36D08BFC2A816CB1007F9B2C /* FirebaseAppDistribution-Beta in Frameworks */,
				36D08C1E2A816CB3007F9B2C /* FirebasePerformance in Frameworks */,
				36D08C002A816CB1007F9B2C /* FirebaseAuthCombine-Community in Frameworks */,
				36D08C242A816CB4007F9B2C /* FirebaseStorage in Frameworks */,
				36D08C162A816CB2007F9B2C /* FirebaseInAppMessagingSwift-Beta in Frameworks */,
				36D08C082A816CB2007F9B2C /* FirebaseDynamicLinks in Frameworks */,
				36D08C0C2A816CB2007F9B2C /* FirebaseFirestoreCombine-Community in Frameworks */,
				36D08C182A816CB3007F9B2C /* FirebaseInstallations in Frameworks */,
			);
			runOnlyForDeploymentPostprocessing = 0;
		};
		36A1DF852A8164A600614F34 /* Frameworks */ = {
			isa = PBXFrameworksBuildPhase;
			buildActionMask = 2147483647;
			files = (
				36D08C3A2A816FBC007F9B2C /* FirebaseDatabase in Frameworks */,
				36D08C482A816FBD007F9B2C /* FirebaseFunctionsCombine-Community in Frameworks */,
				36D08C402A816FBD007F9B2C /* FirebaseFirestore in Frameworks */,
				36D08C2C2A816FBC007F9B2C /* FirebaseAnalyticsSwift in Frameworks */,
				36D08C282A816FBC007F9B2C /* FirebaseAnalytics in Frameworks */,
				36D08C2A2A816FBC007F9B2C /* FirebaseAnalyticsOnDeviceConversion in Frameworks */,
				36D08C442A816FBD007F9B2C /* FirebaseFirestoreSwift in Frameworks */,
				36D08C522A816FBE007F9B2C /* FirebaseMLModelDownloader in Frameworks */,
				36D08C302A816FBC007F9B2C /* FirebaseAppCheck in Frameworks */,
				36D08C2E2A816FBC007F9B2C /* FirebaseAnalyticsWithoutAdIdSupport in Frameworks */,
				36D08C502A816FBE007F9B2C /* FirebaseMessaging in Frameworks */,
				36D08C342A816FBC007F9B2C /* FirebaseAuth in Frameworks */,
				36D08C582A816FBF007F9B2C /* FirebaseRemoteConfigSwift in Frameworks */,
				36D08C382A816FBC007F9B2C /* FirebaseCrashlytics in Frameworks */,
				36D08C4A2A816FBD007F9B2C /* FirebaseInAppMessaging-Beta in Frameworks */,
				36D08C3C2A816FBC007F9B2C /* FirebaseDatabaseSwift in Frameworks */,
				36D08C5C2A816FC0007F9B2C /* FirebaseStorageCombine-Community in Frameworks */,
				36D08C562A816FBF007F9B2C /* FirebaseRemoteConfig in Frameworks */,
				36D08C462A816FBD007F9B2C /* FirebaseFunctions in Frameworks */,
				36D08C322A816FBC007F9B2C /* FirebaseAppDistribution-Beta in Frameworks */,
				36D08C542A816FBF007F9B2C /* FirebasePerformance in Frameworks */,
				36D08C362A816FBC007F9B2C /* FirebaseAuthCombine-Community in Frameworks */,
				36D08C5A2A816FBF007F9B2C /* FirebaseStorage in Frameworks */,
				36D08C4C2A816FBE007F9B2C /* FirebaseInAppMessagingSwift-Beta in Frameworks */,
				36D08C3E2A816FBD007F9B2C /* FirebaseDynamicLinks in Frameworks */,
				36D08C422A816FBD007F9B2C /* FirebaseFirestoreCombine-Community in Frameworks */,
				36D08C4E2A816FBE007F9B2C /* FirebaseInstallations in Frameworks */,
			);
			runOnlyForDeploymentPostprocessing = 0;
		};
/* End PBXFrameworksBuildPhase section */

/* Begin PBXGroup section */
		36A1DF642A8164A300614F34 = {
			isa = PBXGroup;
			children = (
				36A1DF6F2A8164A300614F34 /* testApp1 */,
				36A1DF812A8164A600614F34 /* testApp1Tests */,
				36A1DF8B2A8164A600614F34 /* testApp1UITests */,
				36A1DF6E2A8164A300614F34 /* Products */,
				36D08BF02A816CB1007F9B2C /* Frameworks */,
			);
			sourceTree = "<group>";
		};
		36A1DF6E2A8164A300614F34 /* Products */ = {
			isa = PBXGroup;
			children = (
				36A1DF6D2A8164A300614F34 /* testApp1.app */,
				36A1DF7E2A8164A600614F34 /* testApp1Tests.xctest */,
				36A1DF882A8164A600614F34 /* testApp1UITests.xctest */,
			);
			name = Products;
			sourceTree = "<group>";
		};
		36A1DF6F2A8164A300614F34 /* testApp1 */ = {
			isa = PBXGroup;
			children = (
				36D08BEE2A81674A007F9B2C /* Info.plist */,
				36D08BEC2A8166C1007F9B2C /* testplan1.xctestplan */,
				36A1DF702A8164A300614F34 /* testApp1App.swift */,
				36A1DF742A8164A600614F34 /* Assets.xcassets */,
				36A1DF762A8164A600614F34 /* testApp1.entitlements */,
			);
			path = testApp1;
			sourceTree = "<group>";
		};
		36A1DF812A8164A600614F34 /* testApp1Tests */ = {
			isa = PBXGroup;
			children = (
				36A1DF822A8164A600614F34 /* testApp1Tests.swift */,
			);
			path = testApp1Tests;
			sourceTree = "<group>";
		};
		36A1DF8B2A8164A600614F34 /* testApp1UITests */ = {
			isa = PBXGroup;
			children = (
				36A1DF8C2A8164A600614F34 /* testApp1UITests.swift */,
				36A1DF8E2A8164A600614F34 /* testApp1UITestsLaunchTests.swift */,
			);
			path = testApp1UITests;
			sourceTree = "<group>";
		};
		36D08BF02A816CB1007F9B2C /* Frameworks */ = {
			isa = PBXGroup;
			children = (
			);
			name = Frameworks;
			sourceTree = "<group>";
		};
/* End PBXGroup section */

/* Begin PBXNativeTarget section */
		36A1DF6C2A8164A300614F34 /* testApp1 */ = {
			isa = PBXNativeTarget;
			buildConfigurationList = 36A1DF922A8164A600614F34 /* Build configuration list for PBXNativeTarget "testApp1" */;
			buildPhases = (
				36A1DF692A8164A300614F34 /* Sources */,
				36A1DF6A2A8164A300614F34 /* Frameworks */,
				36A1DF6B2A8164A300614F34 /* Resources */,
			);
			buildRules = (
			);
			dependencies = (
			);
			name = testApp1;
			packageProductDependencies = (
				36A1DF9C2A81650B00614F34 /* FirebaseAnalytics */,
				36A1DF9E2A81650B00614F34 /* FirebaseAnalyticsOnDeviceConversion */,
				36A1DFA02A81650B00614F34 /* FirebaseAnalyticsSwift */,
				36A1DFA22A81650B00614F34 /* FirebaseAnalyticsWithoutAdIdSupport */,
				36A1DFA42A81650B00614F34 /* FirebaseAppCheck */,
				36A1DFA62A81650B00614F34 /* FirebaseAppDistribution-Beta */,
				36A1DFA82A81650B00614F34 /* FirebaseAuth */,
				36A1DFAA2A81650B00614F34 /* FirebaseAuthCombine-Community */,
				36A1DFAC2A81650B00614F34 /* FirebaseCrashlytics */,
				36A1DFAE2A81650B00614F34 /* FirebaseDatabase */,
				36A1DFB02A81650B00614F34 /* FirebaseDatabaseSwift */,
				36A1DFB22A81650B00614F34 /* FirebaseDynamicLinks */,
				36A1DFB42A81650B00614F34 /* FirebaseFirestore */,
				36A1DFB62A81650B00614F34 /* FirebaseFirestoreCombine-Community */,
				36A1DFB82A81650B00614F34 /* FirebaseFirestoreSwift */,
				36A1DFBA2A81650B00614F34 /* FirebaseFunctions */,
				36A1DFBC2A81650B00614F34 /* FirebaseFunctionsCombine-Community */,
				36A1DFBE2A81650B00614F34 /* FirebaseInAppMessaging-Beta */,
				36A1DFC02A81650B00614F34 /* FirebaseInAppMessagingSwift-Beta */,
				36A1DFC22A81650B00614F34 /* FirebaseInstallations */,
				36A1DFC42A81650B00614F34 /* FirebaseMLModelDownloader */,
				36A1DFC62A81650B00614F34 /* FirebaseMessaging */,
				36A1DFC82A81650B00614F34 /* FirebasePerformance */,
				36A1DFCA2A81650B00614F34 /* FirebaseRemoteConfig */,
				36A1DFCC2A81650B00614F34 /* FirebaseRemoteConfigSwift */,
				36A1DFCE2A81650B00614F34 /* FirebaseStorage */,
				36A1DFD02A81650B00614F34 /* FirebaseStorageCombine-Community */,
			);
			productName = testApp1;
			productReference = 36A1DF6D2A8164A300614F34 /* testApp1.app */;
			productType = "com.apple.product-type.application";
		};
		36A1DF7D2A8164A600614F34 /* testApp1Tests */ = {
			isa = PBXNativeTarget;
			buildConfigurationList = 36A1DF952A8164A600614F34 /* Build configuration list for PBXNativeTarget "testApp1Tests" */;
			buildPhases = (
				36A1DF7A2A8164A600614F34 /* Sources */,
				36A1DF7B2A8164A600614F34 /* Frameworks */,
				36A1DF7C2A8164A600614F34 /* Resources */,
			);
			buildRules = (
			);
			dependencies = (
				36A1DF802A8164A600614F34 /* PBXTargetDependency */,
			);
			name = testApp1Tests;
			packageProductDependencies = (
				36D08BF12A816CB1007F9B2C /* FirebaseAnalytics */,
				36D08BF32A816CB1007F9B2C /* FirebaseAnalyticsOnDeviceConversion */,
				36D08BF52A816CB1007F9B2C /* FirebaseAnalyticsSwift */,
				36D08BF72A816CB1007F9B2C /* FirebaseAnalyticsWithoutAdIdSupport */,
				36D08BF92A816CB1007F9B2C /* FirebaseAppCheck */,
				36D08BFB2A816CB1007F9B2C /* FirebaseAppDistribution-Beta */,
				36D08BFD2A816CB1007F9B2C /* FirebaseAuth */,
				36D08BFF2A816CB1007F9B2C /* FirebaseAuthCombine-Community */,
				36D08C012A816CB1007F9B2C /* FirebaseCrashlytics */,
				36D08C032A816CB2007F9B2C /* FirebaseDatabase */,
				36D08C052A816CB2007F9B2C /* FirebaseDatabaseSwift */,
				36D08C072A816CB2007F9B2C /* FirebaseDynamicLinks */,
				36D08C092A816CB2007F9B2C /* FirebaseFirestore */,
				36D08C0B2A816CB2007F9B2C /* FirebaseFirestoreCombine-Community */,
				36D08C0D2A816CB2007F9B2C /* FirebaseFirestoreSwift */,
				36D08C0F2A816CB2007F9B2C /* FirebaseFunctions */,
				36D08C112A816CB2007F9B2C /* FirebaseFunctionsCombine-Community */,
				36D08C132A816CB2007F9B2C /* FirebaseInAppMessaging-Beta */,
				36D08C152A816CB2007F9B2C /* FirebaseInAppMessagingSwift-Beta */,
				36D08C172A816CB3007F9B2C /* FirebaseInstallations */,
				36D08C192A816CB3007F9B2C /* FirebaseMessaging */,
				36D08C1B2A816CB3007F9B2C /* FirebaseMLModelDownloader */,
				36D08C1D2A816CB3007F9B2C /* FirebasePerformance */,
				36D08C1F2A816CB3007F9B2C /* FirebaseRemoteConfig */,
				36D08C212A816CB3007F9B2C /* FirebaseRemoteConfigSwift */,
				36D08C232A816CB4007F9B2C /* FirebaseStorage */,
				36D08C252A816CB4007F9B2C /* FirebaseStorageCombine-Community */,
			);
			productName = testApp1Tests;
			productReference = 36A1DF7E2A8164A600614F34 /* testApp1Tests.xctest */;
			productType = "com.apple.product-type.bundle.unit-test";
		};
		36A1DF872A8164A600614F34 /* testApp1UITests */ = {
			isa = PBXNativeTarget;
			buildConfigurationList = 36A1DF982A8164A600614F34 /* Build configuration list for PBXNativeTarget "testApp1UITests" */;
			buildPhases = (
				36A1DF842A8164A600614F34 /* Sources */,
				36A1DF852A8164A600614F34 /* Frameworks */,
				36A1DF862A8164A600614F34 /* Resources */,
			);
			buildRules = (
			);
			dependencies = (
				36A1DF8A2A8164A600614F34 /* PBXTargetDependency */,
			);
			name = testApp1UITests;
			packageProductDependencies = (
				36D08C272A816FBC007F9B2C /* FirebaseAnalytics */,
				36D08C292A816FBC007F9B2C /* FirebaseAnalyticsOnDeviceConversion */,
				36D08C2B2A816FBC007F9B2C /* FirebaseAnalyticsSwift */,
				36D08C2D2A816FBC007F9B2C /* FirebaseAnalyticsWithoutAdIdSupport */,
				36D08C2F2A816FBC007F9B2C /* FirebaseAppCheck */,
				36D08C312A816FBC007F9B2C /* FirebaseAppDistribution-Beta */,
				36D08C332A816FBC007F9B2C /* FirebaseAuth */,
				36D08C352A816FBC007F9B2C /* FirebaseAuthCombine-Community */,
				36D08C372A816FBC007F9B2C /* FirebaseCrashlytics */,
				36D08C392A816FBC007F9B2C /* FirebaseDatabase */,
				36D08C3B2A816FBC007F9B2C /* FirebaseDatabaseSwift */,
				36D08C3D2A816FBD007F9B2C /* FirebaseDynamicLinks */,
				36D08C3F2A816FBD007F9B2C /* FirebaseFirestore */,
				36D08C412A816FBD007F9B2C /* FirebaseFirestoreCombine-Community */,
				36D08C432A816FBD007F9B2C /* FirebaseFirestoreSwift */,
				36D08C452A816FBD007F9B2C /* FirebaseFunctions */,
				36D08C472A816FBD007F9B2C /* FirebaseFunctionsCombine-Community */,
				36D08C492A816FBD007F9B2C /* FirebaseInAppMessaging-Beta */,
				36D08C4B2A816FBE007F9B2C /* FirebaseInAppMessagingSwift-Beta */,
				36D08C4D2A816FBE007F9B2C /* FirebaseInstallations */,
				36D08C4F2A816FBE007F9B2C /* FirebaseMessaging */,
				36D08C512A816FBE007F9B2C /* FirebaseMLModelDownloader */,
				36D08C532A816FBF007F9B2C /* FirebasePerformance */,
				36D08C552A816FBF007F9B2C /* FirebaseRemoteConfig */,
				36D08C572A816FBF007F9B2C /* FirebaseRemoteConfigSwift */,
				36D08C592A816FBF007F9B2C /* FirebaseStorage */,
				36D08C5B2A816FC0007F9B2C /* FirebaseStorageCombine-Community */,
			);
			productName = testApp1UITests;
			productReference = 36A1DF882A8164A600614F34 /* testApp1UITests.xctest */;
			productType = "com.apple.product-type.bundle.ui-testing";
		};
/* End PBXNativeTarget section */

/* Begin PBXProject section */
		36A1DF652A8164A300614F34 /* Project object */ = {
			isa = PBXProject;
			attributes = {
				BuildIndependentTargetsInParallel = 1;
				LastSwiftUpdateCheck = 1500;
				LastUpgradeCheck = 1500;
				TargetAttributes = {
					36A1DF6C2A8164A300614F34 = {
						CreatedOnToolsVersion = 15.0;
					};
					36A1DF7D2A8164A600614F34 = {
						CreatedOnToolsVersion = 15.0;
						TestTargetID = 36A1DF6C2A8164A300614F34;
					};
					36A1DF872A8164A600614F34 = {
						CreatedOnToolsVersion = 15.0;
						TestTargetID = 36A1DF6C2A8164A300614F34;
					};
				};
			};
			buildConfigurationList = 36A1DF682A8164A300614F34 /* Build configuration list for PBXProject "testApp1" */;
			compatibilityVersion = "Xcode 14.0";
			developmentRegion = en;
			hasScannedForEncodings = 0;
			knownRegions = (
				en,
				Base,
			);
			mainGroup = 36A1DF642A8164A300614F34;
			packageReferences = (
				36A1DF9B2A81650B00614F34 /* XCRemoteSwiftPackageReference "firebase-ios-sdk" */,
			);
			productRefGroup = 36A1DF6E2A8164A300614F34 /* Products */;
			projectDirPath = "";
			projectRoot = "";
			targets = (
				36A1DF6C2A8164A300614F34 /* testApp1 */,
				36A1DF872A8164A600614F34 /* testApp1UITests */,
				36A1DF7D2A8164A600614F34 /* testApp1Tests */,
			);
		};
/* End PBXProject section */

/* Begin PBXResourcesBuildPhase section */
		36A1DF6B2A8164A300614F34 /* Resources */ = {
			isa = PBXResourcesBuildPhase;
			buildActionMask = 2147483647;
			files = (
				36A1DF752A8164A600614F34 /* Assets.xcassets in Resources */,
				36D08BED2A8166C1007F9B2C /* testplan1.xctestplan in Resources */,
			);
			runOnlyForDeploymentPostprocessing = 0;
		};
		36A1DF7C2A8164A600614F34 /* Resources */ = {
			isa = PBXResourcesBuildPhase;
			buildActionMask = 2147483647;
			files = (
			);
			runOnlyForDeploymentPostprocessing = 0;
		};
		36A1DF862A8164A600614F34 /* Resources */ = {
			isa = PBXResourcesBuildPhase;
			buildActionMask = 2147483647;
			files = (
			);
			runOnlyForDeploymentPostprocessing = 0;
		};
/* End PBXResourcesBuildPhase section */

/* Begin PBXSourcesBuildPhase section */
		36A1DF692A8164A300614F34 /* Sources */ = {
			isa = PBXSourcesBuildPhase;
			buildActionMask = 2147483647;
			files = (
				36A1DF712A8164A300614F34 /* testApp1App.swift in Sources */,
			);
			runOnlyForDeploymentPostprocessing = 0;
		};
		36A1DF7A2A8164A600614F34 /* Sources */ = {
			isa = PBXSourcesBuildPhase;
			buildActionMask = 2147483647;
			files = (
			);
			runOnlyForDeploymentPostprocessing = 0;
		};
		36A1DF842A8164A600614F34 /* Sources */ = {
			isa = PBXSourcesBuildPhase;
			buildActionMask = 2147483647;
			files = (
				36A1DF8F2A8164A600614F34 /* testApp1UITestsLaunchTests.swift in Sources */,
				36A1DF8D2A8164A600614F34 /* testApp1UITests.swift in Sources */,
			);
			runOnlyForDeploymentPostprocessing = 0;
		};
/* End PBXSourcesBuildPhase section */

/* Begin PBXTargetDependency section */
		36A1DF802A8164A600614F34 /* PBXTargetDependency */ = {
			isa = PBXTargetDependency;
			target = 36A1DF6C2A8164A300614F34 /* testApp1 */;
			targetProxy = 36A1DF7F2A8164A600614F34 /* PBXContainerItemProxy */;
		};
		36A1DF8A2A8164A600614F34 /* PBXTargetDependency */ = {
			isa = PBXTargetDependency;
			target = 36A1DF6C2A8164A300614F34 /* testApp1 */;
			targetProxy = 36A1DF892A8164A600614F34 /* PBXContainerItemProxy */;
		};
/* End PBXTargetDependency section */

/* Begin XCBuildConfiguration section */
		36A1DF902A8164A600614F34 /* Debug */ = {
			isa = XCBuildConfiguration;
			buildSettings = {
				ALWAYS_SEARCH_USER_PATHS = NO;
				ASSETCATALOG_COMPILER_GENERATE_SWIFT_ASSET_SYMBOL_EXTENSIONS = NO;
				CLANG_ANALYZER_NONNULL = YES;
				CLANG_ANALYZER_NUMBER_OBJECT_CONVERSION = YES_AGGRESSIVE;
				CLANG_CXX_LANGUAGE_STANDARD = "gnu++20";
				CLANG_CXX_LIBRARY = "libc++";
				CLANG_ENABLE_MODULES = YES;
				CLANG_ENABLE_OBJC_ARC = YES;
				CLANG_ENABLE_OBJC_WEAK = YES;
				CLANG_WARN_BLOCK_CAPTURE_AUTORELEASING = YES;
				CLANG_WARN_BOOL_CONVERSION = YES;
				CLANG_WARN_COMMA = YES;
				CLANG_WARN_CONSTANT_CONVERSION = YES;
				CLANG_WARN_DEPRECATED_OBJC_IMPLEMENTATIONS = YES;
				CLANG_WARN_DIRECT_OBJC_ISA_USAGE = YES_ERROR;
				CLANG_WARN_DOCUMENTATION_COMMENTS = YES;
				CLANG_WARN_EMPTY_BODY = YES;
				CLANG_WARN_ENUM_CONVERSION = YES;
				CLANG_WARN_INFINITE_RECURSION = YES;
				CLANG_WARN_INT_CONVERSION = YES;
				CLANG_WARN_NON_LITERAL_NULL_CONVERSION = YES;
				CLANG_WARN_OBJC_IMPLICIT_RETAIN_SELF = YES;
				CLANG_WARN_OBJC_LITERAL_CONVERSION = YES;
				CLANG_WARN_OBJC_ROOT_CLASS = YES_ERROR;
				CLANG_WARN_QUOTED_INCLUDE_IN_FRAMEWORK_HEADER = YES;
				CLANG_WARN_RANGE_LOOP_ANALYSIS = YES;
				CLANG_WARN_STRICT_PROTOTYPES = YES;
				CLANG_WARN_SUSPICIOUS_MOVE = YES;
				CLANG_WARN_UNGUARDED_AVAILABILITY = YES_AGGRESSIVE;
				CLANG_WARN_UNREACHABLE_CODE = YES;
				CLANG_WARN__DUPLICATE_METHOD_MATCH = YES;
				COPY_PHASE_STRIP = NO;
				CURRENT_PROJECT_VERSION = 1;
				DEBUG_INFORMATION_FORMAT = "dwarf-with-dsym";
				ENABLE_BITCODE = NO;
				ENABLE_STRICT_OBJC_MSGSEND = YES;
				ENABLE_TESTABILITY = YES;
				ENABLE_USER_SCRIPT_SANDBOXING = NO;
				GCC_C_LANGUAGE_STANDARD = gnu17;
				GCC_DYNAMIC_NO_PIC = NO;
				GCC_NO_COMMON_BLOCKS = YES;
				GCC_OPTIMIZATION_LEVEL = 0;
				GCC_PREPROCESSOR_DEFINITIONS = (
					"DEBUG=1",
					"$(inherited)",
				);
				GCC_WARN_64_TO_32_BIT_CONVERSION = YES;
				GCC_WARN_ABOUT_RETURN_TYPE = YES_ERROR;
				GCC_WARN_UNDECLARED_SELECTOR = YES;
				GCC_WARN_UNINITIALIZED_AUTOS = YES_AGGRESSIVE;
				GCC_WARN_UNUSED_FUNCTION = YES;
				GCC_WARN_UNUSED_VARIABLE = YES;
				IPHONEOS_DEPLOYMENT_TARGET = 16.3;
				LOCALIZATION_PREFERS_STRING_CATALOGS = NO;
				MTL_ENABLE_DEBUG_INFO = INCLUDE_SOURCE;
				MTL_FAST_MATH = YES;
				ONLY_ACTIVE_ARCH = YES;
				OTHER_SWIFT_FLAGS = "-Xfrontend -warn-long-function-bodies=5000 -Xfrontend -warn-long-expression-type-checking=5000";
				SDKROOT = iphoneos;
				SUPPORTED_PLATFORMS = "iphonesimulator iphoneos";
				SWIFT_ACTIVE_COMPILATION_CONDITIONS = "DEBUG $(inherited)";
				SWIFT_EMIT_LOC_STRINGS = YES;
				SWIFT_ENABLE_BATCH_MODE = YES;
				SWIFT_OPTIMIZATION_LEVEL = "-Onone";
				SWIFT_VERSION = 5.0;
				VERSIONING_SYSTEM = "apple-generic";
			};
			name = Debug;
		};
		36A1DF932A8164A600614F34 /* Debug */ = {
			isa = XCBuildConfiguration;
			buildSettings = {
				ASSETCATALOG_COMPILER_APPICON_NAME = AppIcon;
				ASSETCATALOG_COMPILER_GLOBAL_ACCENT_COLOR_NAME = AccentColor;
				CODE_SIGN_ENTITLEMENTS = testApp1/testApp1.entitlements;
				CODE_SIGN_STYLE = Automatic;
				CURRENT_PROJECT_VERSION = 1;
				ENABLE_PREVIEWS = YES;
				GENERATE_INFOPLIST_FILE = NO;
				INFOPLIST_FILE = testApp1/Info.plist;
				"INFOPLIST_KEY_UIApplicationSceneManifest_Generation[sdk=iphoneos*]" = YES;
				"INFOPLIST_KEY_UIApplicationSceneManifest_Generation[sdk=iphonesimulator*]" = YES;
				"INFOPLIST_KEY_UIApplicationSupportsIndirectInputEvents[sdk=iphoneos*]" = YES;
				"INFOPLIST_KEY_UIApplicationSupportsIndirectInputEvents[sdk=iphonesimulator*]" = YES;
				"INFOPLIST_KEY_UILaunchScreen_Generation[sdk=iphoneos*]" = YES;
				"INFOPLIST_KEY_UILaunchScreen_Generation[sdk=iphonesimulator*]" = YES;
				"INFOPLIST_KEY_UIStatusBarStyle[sdk=iphoneos*]" = UIStatusBarStyleDefault;
				"INFOPLIST_KEY_UIStatusBarStyle[sdk=iphonesimulator*]" = UIStatusBarStyleDefault;
				INFOPLIST_KEY_UISupportedInterfaceOrientations_iPad = "UIInterfaceOrientationPortrait UIInterfaceOrientationPortraitUpsideDown UIInterfaceOrientationLandscapeLeft UIInterfaceOrientationLandscapeRight";
				INFOPLIST_KEY_UISupportedInterfaceOrientations_iPhone = "UIInterfaceOrientationPortrait UIInterfaceOrientationLandscapeLeft UIInterfaceOrientationLandscapeRight";
				IPHONEOS_DEPLOYMENT_TARGET = 16.3;
				LD_RUNPATH_SEARCH_PATHS = "@executable_path/Frameworks";
				"LD_RUNPATH_SEARCH_PATHS[sdk=macosx*]" = "@executable_path/../Frameworks";
				MACOSX_DEPLOYMENT_TARGET = 13.4;
				MARKETING_VERSION = 1.0;
				PRODUCT_BUNDLE_IDENTIFIER = com.sexcellent.testApp1;
				PRODUCT_NAME = "$(TARGET_NAME)";
				SDKROOT = auto;
				SUPPORTED_PLATFORMS = "iphoneos iphonesimulator";
				SUPPORTS_MACCATALYST = NO;
				SUPPORTS_MAC_DESIGNED_FOR_IPHONE_IPAD = YES;
				SUPPORTS_XR_DESIGNED_FOR_IPHONE_IPAD = YES;
				SWIFT_EMIT_LOC_STRINGS = YES;
				SWIFT_VERSION = 5.0;
				TARGETED_DEVICE_FAMILY = "1,2";
			};
			name = Debug;
		};
		36A1DF962A8164A600614F34 /* Debug */ = {
			isa = XCBuildConfiguration;
			buildSettings = {
				ALWAYS_EMBED_SWIFT_STANDARD_LIBRARIES = "$(EMBEDDED_CONTENT_CONTAINS_SWIFT)";
				BUNDLE_LOADER = "$(TEST_HOST)";
				CODE_SIGN_STYLE = Automatic;
				CURRENT_PROJECT_VERSION = 1;
				DEBUG_INFORMATION_FORMAT = dwarf;
				GENERATE_INFOPLIST_FILE = YES;
				IPHONEOS_DEPLOYMENT_TARGET = 16.3;
				LD_RUNPATH_SEARCH_PATHS = (
					"$(inherited)",
					"$(LD_RUNPATH_SEARCH_PATHS_SHALLOW_BUNDLE_$(SHALLOW_BUNDLE))",
					"@executable_path/Frameworks",
					"@loader_path/Frameworks",
				);
				MACOSX_DEPLOYMENT_TARGET = 14.0;
				MARKETING_VERSION = 1.0;
				PRODUCT_BUNDLE_IDENTIFIER = com.sexcellent.testApp1Tests;
				PRODUCT_NAME = "$(TARGET_NAME)";
				SDKROOT = iphoneos;
				SUPPORTED_PLATFORMS = "iphoneos iphonesimulator";
				SUPPORTS_MACCATALYST = NO;
				SUPPORTS_MAC_DESIGNED_FOR_IPHONE_IPAD = YES;
				SUPPORTS_XR_DESIGNED_FOR_IPHONE_IPAD = YES;
				SWIFT_ACTIVE_COMPILATION_CONDITIONS = "DEBUG DEV UNIT_TESTS";
				SWIFT_EMIT_LOC_STRINGS = YES;
				SWIFT_VERSION = 5.0;
				TARGETED_DEVICE_FAMILY = "1,2";
				TEST_HOST = "$(BUILT_PRODUCTS_DIR)/testApp1.app/$(BUNDLE_EXECUTABLE_FOLDER_PATH)/testApp1";
			};
			name = Debug;
		};
		36A1DF992A8164A600614F34 /* Debug */ = {
			isa = XCBuildConfiguration;
			buildSettings = {
				ALWAYS_EMBED_SWIFT_STANDARD_LIBRARIES = "$(EMBEDDED_CONTENT_CONTAINS_SWIFT)";
				CODE_SIGN_STYLE = Automatic;
				CURRENT_PROJECT_VERSION = 1;
				DEBUG_INFORMATION_FORMAT = dwarf;
				GENERATE_INFOPLIST_FILE = YES;
				IPHONEOS_DEPLOYMENT_TARGET = 16.3;
				MACOSX_DEPLOYMENT_TARGET = 14.0;
				MARKETING_VERSION = 1.0;
				PRODUCT_BUNDLE_IDENTIFIER = com.sexcellent.testApp1UITests;
				PRODUCT_NAME = "$(TARGET_NAME)";
				SDKROOT = iphoneos;
				SUPPORTED_PLATFORMS = "iphoneos iphonesimulator";
				SUPPORTS_MACCATALYST = NO;
				SUPPORTS_MAC_DESIGNED_FOR_IPHONE_IPAD = YES;
				SUPPORTS_XR_DESIGNED_FOR_IPHONE_IPAD = YES;
				SWIFT_EMIT_LOC_STRINGS = NO;
				SWIFT_VERSION = 5.0;
				TARGETED_DEVICE_FAMILY = "1,2";
				TEST_TARGET_NAME = testApp1;
			};
			name = Debug;
		};
/* End XCBuildConfiguration section */

/* Begin XCConfigurationList section */
		36A1DF682A8164A300614F34 /* Build configuration list for PBXProject "testApp1" */ = {
			isa = XCConfigurationList;
			buildConfigurations = (
				36A1DF902A8164A600614F34 /* Debug */,
			);
			defaultConfigurationIsVisible = 0;
			defaultConfigurationName = Debug;
		};
		36A1DF922A8164A600614F34 /* Build configuration list for PBXNativeTarget "testApp1" */ = {
			isa = XCConfigurationList;
			buildConfigurations = (
				36A1DF932A8164A600614F34 /* Debug */,
			);
			defaultConfigurationIsVisible = 0;
			defaultConfigurationName = Debug;
		};
		36A1DF952A8164A600614F34 /* Build configuration list for PBXNativeTarget "testApp1Tests" */ = {
			isa = XCConfigurationList;
			buildConfigurations = (
				36A1DF962A8164A600614F34 /* Debug */,
			);
			defaultConfigurationIsVisible = 0;
			defaultConfigurationName = Debug;
		};
		36A1DF982A8164A600614F34 /* Build configuration list for PBXNativeTarget "testApp1UITests" */ = {
			isa = XCConfigurationList;
			buildConfigurations = (
				36A1DF992A8164A600614F34 /* Debug */,
			);
			defaultConfigurationIsVisible = 0;
			defaultConfigurationName = Debug;
		};
/* End XCConfigurationList section */

/* Begin XCRemoteSwiftPackageReference section */
		36A1DF9B2A81650B00614F34 /* XCRemoteSwiftPackageReference "firebase-ios-sdk" */ = {
			isa = XCRemoteSwiftPackageReference;
			repositoryURL = "https://github.com/firebase/firebase-ios-sdk";
			requirement = {
				kind = upToNextMajorVersion;
				minimumVersion = 10.13.0;
			};
		};
/* End XCRemoteSwiftPackageReference section */

/* Begin XCSwiftPackageProductDependency section */
		36A1DF9C2A81650B00614F34 /* FirebaseAnalytics */ = {
			isa = XCSwiftPackageProductDependency;
			package = 36A1DF9B2A81650B00614F34 /* XCRemoteSwiftPackageReference "firebase-ios-sdk" */;
			productName = FirebaseAnalytics;
		};
		36A1DF9E2A81650B00614F34 /* FirebaseAnalyticsOnDeviceConversion */ = {
			isa = XCSwiftPackageProductDependency;
			package = 36A1DF9B2A81650B00614F34 /* XCRemoteSwiftPackageReference "firebase-ios-sdk" */;
			productName = FirebaseAnalyticsOnDeviceConversion;
		};
		36A1DFA02A81650B00614F34 /* FirebaseAnalyticsSwift */ = {
			isa = XCSwiftPackageProductDependency;
			package = 36A1DF9B2A81650B00614F34 /* XCRemoteSwiftPackageReference "firebase-ios-sdk" */;
			productName = FirebaseAnalyticsSwift;
		};
		36A1DFA22A81650B00614F34 /* FirebaseAnalyticsWithoutAdIdSupport */ = {
			isa = XCSwiftPackageProductDependency;
			package = 36A1DF9B2A81650B00614F34 /* XCRemoteSwiftPackageReference "firebase-ios-sdk" */;
			productName = FirebaseAnalyticsWithoutAdIdSupport;
		};
		36A1DFA42A81650B00614F34 /* FirebaseAppCheck */ = {
			isa = XCSwiftPackageProductDependency;
			package = 36A1DF9B2A81650B00614F34 /* XCRemoteSwiftPackageReference "firebase-ios-sdk" */;
			productName = FirebaseAppCheck;
		};
		36A1DFA62A81650B00614F34 /* FirebaseAppDistribution-Beta */ = {
			isa = XCSwiftPackageProductDependency;
			package = 36A1DF9B2A81650B00614F34 /* XCRemoteSwiftPackageReference "firebase-ios-sdk" */;
			productName = "FirebaseAppDistribution-Beta";
		};
		36A1DFA82A81650B00614F34 /* FirebaseAuth */ = {
			isa = XCSwiftPackageProductDependency;
			package = 36A1DF9B2A81650B00614F34 /* XCRemoteSwiftPackageReference "firebase-ios-sdk" */;
			productName = FirebaseAuth;
		};
		36A1DFAA2A81650B00614F34 /* FirebaseAuthCombine-Community */ = {
			isa = XCSwiftPackageProductDependency;
			package = 36A1DF9B2A81650B00614F34 /* XCRemoteSwiftPackageReference "firebase-ios-sdk" */;
			productName = "FirebaseAuthCombine-Community";
		};
		36A1DFAC2A81650B00614F34 /* FirebaseCrashlytics */ = {
			isa = XCSwiftPackageProductDependency;
			package = 36A1DF9B2A81650B00614F34 /* XCRemoteSwiftPackageReference "firebase-ios-sdk" */;
			productName = FirebaseCrashlytics;
		};
		36A1DFAE2A81650B00614F34 /* FirebaseDatabase */ = {
			isa = XCSwiftPackageProductDependency;
			package = 36A1DF9B2A81650B00614F34 /* XCRemoteSwiftPackageReference "firebase-ios-sdk" */;
			productName = FirebaseDatabase;
		};
		36A1DFB02A81650B00614F34 /* FirebaseDatabaseSwift */ = {
			isa = XCSwiftPackageProductDependency;
			package = 36A1DF9B2A81650B00614F34 /* XCRemoteSwiftPackageReference "firebase-ios-sdk" */;
			productName = FirebaseDatabaseSwift;
		};
		36A1DFB22A81650B00614F34 /* FirebaseDynamicLinks */ = {
			isa = XCSwiftPackageProductDependency;
			package = 36A1DF9B2A81650B00614F34 /* XCRemoteSwiftPackageReference "firebase-ios-sdk" */;
			productName = FirebaseDynamicLinks;
		};
		36A1DFB42A81650B00614F34 /* FirebaseFirestore */ = {
			isa = XCSwiftPackageProductDependency;
			package = 36A1DF9B2A81650B00614F34 /* XCRemoteSwiftPackageReference "firebase-ios-sdk" */;
			productName = FirebaseFirestore;
		};
		36A1DFB62A81650B00614F34 /* FirebaseFirestoreCombine-Community */ = {
			isa = XCSwiftPackageProductDependency;
			package = 36A1DF9B2A81650B00614F34 /* XCRemoteSwiftPackageReference "firebase-ios-sdk" */;
			productName = "FirebaseFirestoreCombine-Community";
		};
		36A1DFB82A81650B00614F34 /* FirebaseFirestoreSwift */ = {
			isa = XCSwiftPackageProductDependency;
			package = 36A1DF9B2A81650B00614F34 /* XCRemoteSwiftPackageReference "firebase-ios-sdk" */;
			productName = FirebaseFirestoreSwift;
		};
		36A1DFBA2A81650B00614F34 /* FirebaseFunctions */ = {
			isa = XCSwiftPackageProductDependency;
			package = 36A1DF9B2A81650B00614F34 /* XCRemoteSwiftPackageReference "firebase-ios-sdk" */;
			productName = FirebaseFunctions;
		};
		36A1DFBC2A81650B00614F34 /* FirebaseFunctionsCombine-Community */ = {
			isa = XCSwiftPackageProductDependency;
			package = 36A1DF9B2A81650B00614F34 /* XCRemoteSwiftPackageReference "firebase-ios-sdk" */;
			productName = "FirebaseFunctionsCombine-Community";
		};
		36A1DFBE2A81650B00614F34 /* FirebaseInAppMessaging-Beta */ = {
			isa = XCSwiftPackageProductDependency;
			package = 36A1DF9B2A81650B00614F34 /* XCRemoteSwiftPackageReference "firebase-ios-sdk" */;
			productName = "FirebaseInAppMessaging-Beta";
		};
		36A1DFC02A81650B00614F34 /* FirebaseInAppMessagingSwift-Beta */ = {
			isa = XCSwiftPackageProductDependency;
			package = 36A1DF9B2A81650B00614F34 /* XCRemoteSwiftPackageReference "firebase-ios-sdk" */;
			productName = "FirebaseInAppMessagingSwift-Beta";
		};
		36A1DFC22A81650B00614F34 /* FirebaseInstallations */ = {
			isa = XCSwiftPackageProductDependency;
			package = 36A1DF9B2A81650B00614F34 /* XCRemoteSwiftPackageReference "firebase-ios-sdk" */;
			productName = FirebaseInstallations;
		};
		36A1DFC42A81650B00614F34 /* FirebaseMLModelDownloader */ = {
			isa = XCSwiftPackageProductDependency;
			package = 36A1DF9B2A81650B00614F34 /* XCRemoteSwiftPackageReference "firebase-ios-sdk" */;
			productName = FirebaseMLModelDownloader;
		};
		36A1DFC62A81650B00614F34 /* FirebaseMessaging */ = {
			isa = XCSwiftPackageProductDependency;
			package = 36A1DF9B2A81650B00614F34 /* XCRemoteSwiftPackageReference "firebase-ios-sdk" */;
			productName = FirebaseMessaging;
		};
		36A1DFC82A81650B00614F34 /* FirebasePerformance */ = {
			isa = XCSwiftPackageProductDependency;
			package = 36A1DF9B2A81650B00614F34 /* XCRemoteSwiftPackageReference "firebase-ios-sdk" */;
			productName = FirebasePerformance;
		};
		36A1DFCA2A81650B00614F34 /* FirebaseRemoteConfig */ = {
			isa = XCSwiftPackageProductDependency;
			package = 36A1DF9B2A81650B00614F34 /* XCRemoteSwiftPackageReference "firebase-ios-sdk" */;
			productName = FirebaseRemoteConfig;
		};
		36A1DFCC2A81650B00614F34 /* FirebaseRemoteConfigSwift */ = {
			isa = XCSwiftPackageProductDependency;
			package = 36A1DF9B2A81650B00614F34 /* XCRemoteSwiftPackageReference "firebase-ios-sdk" */;
			productName = FirebaseRemoteConfigSwift;
		};
		36A1DFCE2A81650B00614F34 /* FirebaseStorage */ = {
			isa = XCSwiftPackageProductDependency;
			package = 36A1DF9B2A81650B00614F34 /* XCRemoteSwiftPackageReference "firebase-ios-sdk" */;
			productName = FirebaseStorage;
		};
		36A1DFD02A81650B00614F34 /* FirebaseStorageCombine-Community */ = {
			isa = XCSwiftPackageProductDependency;
			package = 36A1DF9B2A81650B00614F34 /* XCRemoteSwiftPackageReference "firebase-ios-sdk" */;
			productName = "FirebaseStorageCombine-Community";
		};
		36D08BF12A816CB1007F9B2C /* FirebaseAnalytics */ = {
			isa = XCSwiftPackageProductDependency;
			package = 36A1DF9B2A81650B00614F34 /* XCRemoteSwiftPackageReference "firebase-ios-sdk" */;
			productName = FirebaseAnalytics;
		};
		36D08BF32A816CB1007F9B2C /* FirebaseAnalyticsOnDeviceConversion */ = {
			isa = XCSwiftPackageProductDependency;
			package = 36A1DF9B2A81650B00614F34 /* XCRemoteSwiftPackageReference "firebase-ios-sdk" */;
			productName = FirebaseAnalyticsOnDeviceConversion;
		};
		36D08BF52A816CB1007F9B2C /* FirebaseAnalyticsSwift */ = {
			isa = XCSwiftPackageProductDependency;
			package = 36A1DF9B2A81650B00614F34 /* XCRemoteSwiftPackageReference "firebase-ios-sdk" */;
			productName = FirebaseAnalyticsSwift;
		};
		36D08BF72A816CB1007F9B2C /* FirebaseAnalyticsWithoutAdIdSupport */ = {
			isa = XCSwiftPackageProductDependency;
			package = 36A1DF9B2A81650B00614F34 /* XCRemoteSwiftPackageReference "firebase-ios-sdk" */;
			productName = FirebaseAnalyticsWithoutAdIdSupport;
		};
		36D08BF92A816CB1007F9B2C /* FirebaseAppCheck */ = {
			isa = XCSwiftPackageProductDependency;
			package = 36A1DF9B2A81650B00614F34 /* XCRemoteSwiftPackageReference "firebase-ios-sdk" */;
			productName = FirebaseAppCheck;
		};
		36D08BFB2A816CB1007F9B2C /* FirebaseAppDistribution-Beta */ = {
			isa = XCSwiftPackageProductDependency;
			package = 36A1DF9B2A81650B00614F34 /* XCRemoteSwiftPackageReference "firebase-ios-sdk" */;
			productName = "FirebaseAppDistribution-Beta";
		};
		36D08BFD2A816CB1007F9B2C /* FirebaseAuth */ = {
			isa = XCSwiftPackageProductDependency;
			package = 36A1DF9B2A81650B00614F34 /* XCRemoteSwiftPackageReference "firebase-ios-sdk" */;
			productName = FirebaseAuth;
		};
		36D08BFF2A816CB1007F9B2C /* FirebaseAuthCombine-Community */ = {
			isa = XCSwiftPackageProductDependency;
			package = 36A1DF9B2A81650B00614F34 /* XCRemoteSwiftPackageReference "firebase-ios-sdk" */;
			productName = "FirebaseAuthCombine-Community";
		};
		36D08C012A816CB1007F9B2C /* FirebaseCrashlytics */ = {
			isa = XCSwiftPackageProductDependency;
			package = 36A1DF9B2A81650B00614F34 /* XCRemoteSwiftPackageReference "firebase-ios-sdk" */;
			productName = FirebaseCrashlytics;
		};
		36D08C032A816CB2007F9B2C /* FirebaseDatabase */ = {
			isa = XCSwiftPackageProductDependency;
			package = 36A1DF9B2A81650B00614F34 /* XCRemoteSwiftPackageReference "firebase-ios-sdk" */;
			productName = FirebaseDatabase;
		};
		36D08C052A816CB2007F9B2C /* FirebaseDatabaseSwift */ = {
			isa = XCSwiftPackageProductDependency;
			package = 36A1DF9B2A81650B00614F34 /* XCRemoteSwiftPackageReference "firebase-ios-sdk" */;
			productName = FirebaseDatabaseSwift;
		};
		36D08C072A816CB2007F9B2C /* FirebaseDynamicLinks */ = {
			isa = XCSwiftPackageProductDependency;
			package = 36A1DF9B2A81650B00614F34 /* XCRemoteSwiftPackageReference "firebase-ios-sdk" */;
			productName = FirebaseDynamicLinks;
		};
		36D08C092A816CB2007F9B2C /* FirebaseFirestore */ = {
			isa = XCSwiftPackageProductDependency;
			package = 36A1DF9B2A81650B00614F34 /* XCRemoteSwiftPackageReference "firebase-ios-sdk" */;
			productName = FirebaseFirestore;
		};
		36D08C0B2A816CB2007F9B2C /* FirebaseFirestoreCombine-Community */ = {
			isa = XCSwiftPackageProductDependency;
			package = 36A1DF9B2A81650B00614F34 /* XCRemoteSwiftPackageReference "firebase-ios-sdk" */;
			productName = "FirebaseFirestoreCombine-Community";
		};
		36D08C0D2A816CB2007F9B2C /* FirebaseFirestoreSwift */ = {
			isa = XCSwiftPackageProductDependency;
			package = 36A1DF9B2A81650B00614F34 /* XCRemoteSwiftPackageReference "firebase-ios-sdk" */;
			productName = FirebaseFirestoreSwift;
		};
		36D08C0F2A816CB2007F9B2C /* FirebaseFunctions */ = {
			isa = XCSwiftPackageProductDependency;
			package = 36A1DF9B2A81650B00614F34 /* XCRemoteSwiftPackageReference "firebase-ios-sdk" */;
			productName = FirebaseFunctions;
		};
		36D08C112A816CB2007F9B2C /* FirebaseFunctionsCombine-Community */ = {
			isa = XCSwiftPackageProductDependency;
			package = 36A1DF9B2A81650B00614F34 /* XCRemoteSwiftPackageReference "firebase-ios-sdk" */;
			productName = "FirebaseFunctionsCombine-Community";
		};
		36D08C132A816CB2007F9B2C /* FirebaseInAppMessaging-Beta */ = {
			isa = XCSwiftPackageProductDependency;
			package = 36A1DF9B2A81650B00614F34 /* XCRemoteSwiftPackageReference "firebase-ios-sdk" */;
			productName = "FirebaseInAppMessaging-Beta";
		};
		36D08C152A816CB2007F9B2C /* FirebaseInAppMessagingSwift-Beta */ = {
			isa = XCSwiftPackageProductDependency;
			package = 36A1DF9B2A81650B00614F34 /* XCRemoteSwiftPackageReference "firebase-ios-sdk" */;
			productName = "FirebaseInAppMessagingSwift-Beta";
		};
		36D08C172A816CB3007F9B2C /* FirebaseInstallations */ = {
			isa = XCSwiftPackageProductDependency;
			package = 36A1DF9B2A81650B00614F34 /* XCRemoteSwiftPackageReference "firebase-ios-sdk" */;
			productName = FirebaseInstallations;
		};
		36D08C192A816CB3007F9B2C /* FirebaseMessaging */ = {
			isa = XCSwiftPackageProductDependency;
			package = 36A1DF9B2A81650B00614F34 /* XCRemoteSwiftPackageReference "firebase-ios-sdk" */;
			productName = FirebaseMessaging;
		};
		36D08C1B2A816CB3007F9B2C /* FirebaseMLModelDownloader */ = {
			isa = XCSwiftPackageProductDependency;
			package = 36A1DF9B2A81650B00614F34 /* XCRemoteSwiftPackageReference "firebase-ios-sdk" */;
			productName = FirebaseMLModelDownloader;
		};
		36D08C1D2A816CB3007F9B2C /* FirebasePerformance */ = {
			isa = XCSwiftPackageProductDependency;
			package = 36A1DF9B2A81650B00614F34 /* XCRemoteSwiftPackageReference "firebase-ios-sdk" */;
			productName = FirebasePerformance;
		};
		36D08C1F2A816CB3007F9B2C /* FirebaseRemoteConfig */ = {
			isa = XCSwiftPackageProductDependency;
			package = 36A1DF9B2A81650B00614F34 /* XCRemoteSwiftPackageReference "firebase-ios-sdk" */;
			productName = FirebaseRemoteConfig;
		};
		36D08C212A816CB3007F9B2C /* FirebaseRemoteConfigSwift */ = {
			isa = XCSwiftPackageProductDependency;
			package = 36A1DF9B2A81650B00614F34 /* XCRemoteSwiftPackageReference "firebase-ios-sdk" */;
			productName = FirebaseRemoteConfigSwift;
		};
		36D08C232A816CB4007F9B2C /* FirebaseStorage */ = {
			isa = XCSwiftPackageProductDependency;
			package = 36A1DF9B2A81650B00614F34 /* XCRemoteSwiftPackageReference "firebase-ios-sdk" */;
			productName = FirebaseStorage;
		};
		36D08C252A816CB4007F9B2C /* FirebaseStorageCombine-Community */ = {
			isa = XCSwiftPackageProductDependency;
			package = 36A1DF9B2A81650B00614F34 /* XCRemoteSwiftPackageReference "firebase-ios-sdk" */;
			productName = "FirebaseStorageCombine-Community";
		};
		36D08C272A816FBC007F9B2C /* FirebaseAnalytics */ = {
			isa = XCSwiftPackageProductDependency;
			package = 36A1DF9B2A81650B00614F34 /* XCRemoteSwiftPackageReference "firebase-ios-sdk" */;
			productName = FirebaseAnalytics;
		};
		36D08C292A816FBC007F9B2C /* FirebaseAnalyticsOnDeviceConversion */ = {
			isa = XCSwiftPackageProductDependency;
			package = 36A1DF9B2A81650B00614F34 /* XCRemoteSwiftPackageReference "firebase-ios-sdk" */;
			productName = FirebaseAnalyticsOnDeviceConversion;
		};
		36D08C2B2A816FBC007F9B2C /* FirebaseAnalyticsSwift */ = {
			isa = XCSwiftPackageProductDependency;
			package = 36A1DF9B2A81650B00614F34 /* XCRemoteSwiftPackageReference "firebase-ios-sdk" */;
			productName = FirebaseAnalyticsSwift;
		};
		36D08C2D2A816FBC007F9B2C /* FirebaseAnalyticsWithoutAdIdSupport */ = {
			isa = XCSwiftPackageProductDependency;
			package = 36A1DF9B2A81650B00614F34 /* XCRemoteSwiftPackageReference "firebase-ios-sdk" */;
			productName = FirebaseAnalyticsWithoutAdIdSupport;
		};
		36D08C2F2A816FBC007F9B2C /* FirebaseAppCheck */ = {
			isa = XCSwiftPackageProductDependency;
			package = 36A1DF9B2A81650B00614F34 /* XCRemoteSwiftPackageReference "firebase-ios-sdk" */;
			productName = FirebaseAppCheck;
		};
		36D08C312A816FBC007F9B2C /* FirebaseAppDistribution-Beta */ = {
			isa = XCSwiftPackageProductDependency;
			package = 36A1DF9B2A81650B00614F34 /* XCRemoteSwiftPackageReference "firebase-ios-sdk" */;
			productName = "FirebaseAppDistribution-Beta";
		};
		36D08C332A816FBC007F9B2C /* FirebaseAuth */ = {
			isa = XCSwiftPackageProductDependency;
			package = 36A1DF9B2A81650B00614F34 /* XCRemoteSwiftPackageReference "firebase-ios-sdk" */;
			productName = FirebaseAuth;
		};
		36D08C352A816FBC007F9B2C /* FirebaseAuthCombine-Community */ = {
			isa = XCSwiftPackageProductDependency;
			package = 36A1DF9B2A81650B00614F34 /* XCRemoteSwiftPackageReference "firebase-ios-sdk" */;
			productName = "FirebaseAuthCombine-Community";
		};
		36D08C372A816FBC007F9B2C /* FirebaseCrashlytics */ = {
			isa = XCSwiftPackageProductDependency;
			package = 36A1DF9B2A81650B00614F34 /* XCRemoteSwiftPackageReference "firebase-ios-sdk" */;
			productName = FirebaseCrashlytics;
		};
		36D08C392A816FBC007F9B2C /* FirebaseDatabase */ = {
			isa = XCSwiftPackageProductDependency;
			package = 36A1DF9B2A81650B00614F34 /* XCRemoteSwiftPackageReference "firebase-ios-sdk" */;
			productName = FirebaseDatabase;
		};
		36D08C3B2A816FBC007F9B2C /* FirebaseDatabaseSwift */ = {
			isa = XCSwiftPackageProductDependency;
			package = 36A1DF9B2A81650B00614F34 /* XCRemoteSwiftPackageReference "firebase-ios-sdk" */;
			productName = FirebaseDatabaseSwift;
		};
		36D08C3D2A816FBD007F9B2C /* FirebaseDynamicLinks */ = {
			isa = XCSwiftPackageProductDependency;
			package = 36A1DF9B2A81650B00614F34 /* XCRemoteSwiftPackageReference "firebase-ios-sdk" */;
			productName = FirebaseDynamicLinks;
		};
		36D08C3F2A816FBD007F9B2C /* FirebaseFirestore */ = {
			isa = XCSwiftPackageProductDependency;
			package = 36A1DF9B2A81650B00614F34 /* XCRemoteSwiftPackageReference "firebase-ios-sdk" */;
			productName = FirebaseFirestore;
		};
		36D08C412A816FBD007F9B2C /* FirebaseFirestoreCombine-Community */ = {
			isa = XCSwiftPackageProductDependency;
			package = 36A1DF9B2A81650B00614F34 /* XCRemoteSwiftPackageReference "firebase-ios-sdk" */;
			productName = "FirebaseFirestoreCombine-Community";
		};
		36D08C432A816FBD007F9B2C /* FirebaseFirestoreSwift */ = {
			isa = XCSwiftPackageProductDependency;
			package = 36A1DF9B2A81650B00614F34 /* XCRemoteSwiftPackageReference "firebase-ios-sdk" */;
			productName = FirebaseFirestoreSwift;
		};
		36D08C452A816FBD007F9B2C /* FirebaseFunctions */ = {
			isa = XCSwiftPackageProductDependency;
			package = 36A1DF9B2A81650B00614F34 /* XCRemoteSwiftPackageReference "firebase-ios-sdk" */;
			productName = FirebaseFunctions;
		};
		36D08C472A816FBD007F9B2C /* FirebaseFunctionsCombine-Community */ = {
			isa = XCSwiftPackageProductDependency;
			package = 36A1DF9B2A81650B00614F34 /* XCRemoteSwiftPackageReference "firebase-ios-sdk" */;
			productName = "FirebaseFunctionsCombine-Community";
		};
		36D08C492A816FBD007F9B2C /* FirebaseInAppMessaging-Beta */ = {
			isa = XCSwiftPackageProductDependency;
			package = 36A1DF9B2A81650B00614F34 /* XCRemoteSwiftPackageReference "firebase-ios-sdk" */;
			productName = "FirebaseInAppMessaging-Beta";
		};
		36D08C4B2A816FBE007F9B2C /* FirebaseInAppMessagingSwift-Beta */ = {
			isa = XCSwiftPackageProductDependency;
			package = 36A1DF9B2A81650B00614F34 /* XCRemoteSwiftPackageReference "firebase-ios-sdk" */;
			productName = "FirebaseInAppMessagingSwift-Beta";
		};
		36D08C4D2A816FBE007F9B2C /* FirebaseInstallations */ = {
			isa = XCSwiftPackageProductDependency;
			package = 36A1DF9B2A81650B00614F34 /* XCRemoteSwiftPackageReference "firebase-ios-sdk" */;
			productName = FirebaseInstallations;
		};
		36D08C4F2A816FBE007F9B2C /* FirebaseMessaging */ = {
			isa = XCSwiftPackageProductDependency;
			package = 36A1DF9B2A81650B00614F34 /* XCRemoteSwiftPackageReference "firebase-ios-sdk" */;
			productName = FirebaseMessaging;
		};
		36D08C512A816FBE007F9B2C /* FirebaseMLModelDownloader */ = {
			isa = XCSwiftPackageProductDependency;
			package = 36A1DF9B2A81650B00614F34 /* XCRemoteSwiftPackageReference "firebase-ios-sdk" */;
			productName = FirebaseMLModelDownloader;
		};
		36D08C532A816FBF007F9B2C /* FirebasePerformance */ = {
			isa = XCSwiftPackageProductDependency;
			package = 36A1DF9B2A81650B00614F34 /* XCRemoteSwiftPackageReference "firebase-ios-sdk" */;
			productName = FirebasePerformance;
		};
		36D08C552A816FBF007F9B2C /* FirebaseRemoteConfig */ = {
			isa = XCSwiftPackageProductDependency;
			package = 36A1DF9B2A81650B00614F34 /* XCRemoteSwiftPackageReference "firebase-ios-sdk" */;
			productName = FirebaseRemoteConfig;
		};
		36D08C572A816FBF007F9B2C /* FirebaseRemoteConfigSwift */ = {
			isa = XCSwiftPackageProductDependency;
			package = 36A1DF9B2A81650B00614F34 /* XCRemoteSwiftPackageReference "firebase-ios-sdk" */;
			productName = FirebaseRemoteConfigSwift;
		};
		36D08C592A816FBF007F9B2C /* FirebaseStorage */ = {
			isa = XCSwiftPackageProductDependency;
			package = 36A1DF9B2A81650B00614F34 /* XCRemoteSwiftPackageReference "firebase-ios-sdk" */;
			productName = FirebaseStorage;
		};
		36D08C5B2A816FC0007F9B2C /* FirebaseStorageCombine-Community */ = {
			isa = XCSwiftPackageProductDependency;
			package = 36A1DF9B2A81650B00614F34 /* XCRemoteSwiftPackageReference "firebase-ios-sdk" */;
			productName = "FirebaseStorageCombine-Community";
		};
/* End XCSwiftPackageProductDependency section */
	};
	rootObject = 36A1DF652A8164A300614F34 /* Project object */;
}
