// !$*UTF8*$!
{
	archiveVersion = 1;
	classes = {
	};
	objectVersion = 56;
	objects = {

/* Begin PBXBuildFile section */
		360376D72AF0A4D000892CAF /* testApp2App.swift in Sources */ = {isa = PBXBuildFile; fileRef = 360376D62AF0A4D000892CAF /* testApp2App.swift */; };
		360376D92AF0A4D000892CAF /* ContentView.swift in Sources */ = {isa = PBXBuildFile; fileRef = 360376D82AF0A4D000892CAF /* ContentView.swift */; };
		360376DB2AF0A4D100892CAF /* Assets.xcassets in Resources */ = {isa = PBXBuildFile; fileRef = 360376DA2AF0A4D100892CAF /* Assets.xcassets */; };
		360376DF2AF0A4D100892CAF /* Preview Assets.xcassets in Resources */ = {isa = PBXBuildFile; fileRef = 360376DE2AF0A4D100892CAF /* Preview Assets.xcassets */; };
		360376E92AF0A4D100892CAF /* testApp2Tests.swift in Sources */ = {isa = PBXBuildFile; fileRef = 360376E82AF0A4D100892CAF /* testApp2Tests.swift */; };
		360376F32AF0A4D100892CAF /* testApp2UITests.swift in Sources */ = {isa = PBXBuildFile; fileRef = 360376F22AF0A4D100892CAF /* testApp2UITests.swift */; };
		360376F52AF0A4D100892CAF /* testApp2UITestsLaunchTests.swift in Sources */ = {isa = PBXBuildFile; fileRef = 360376F42AF0A4D100892CAF /* testApp2UITestsLaunchTests.swift */; };
		360377032AF0A54E00892CAF /* FirebaseAnalyticsWithoutAdIdSupport in Frameworks */ = {isa = PBXBuildFile; productRef = 360377022AF0A54E00892CAF /* FirebaseAnalyticsWithoutAdIdSupport */; };
		360377052AF0A54E00892CAF /* FirebaseAppCheck in Frameworks */ = {isa = PBXBuildFile; productRef = 360377042AF0A54E00892CAF /* FirebaseAppCheck */; };
		360377072AF0A54E00892CAF /* FirebaseAuth in Frameworks */ = {isa = PBXBuildFile; productRef = 360377062AF0A54E00892CAF /* FirebaseAuth */; };
		360377092AF0A54E00892CAF /* FirebaseCrashlytics in Frameworks */ = {isa = PBXBuildFile; productRef = 360377082AF0A54E00892CAF /* FirebaseCrashlytics */; };
		3603770B2AF0A54E00892CAF /* FirebaseFirestore in Frameworks */ = {isa = PBXBuildFile; productRef = 3603770A2AF0A54E00892CAF /* FirebaseFirestore */; };
		3603770D2AF0A54E00892CAF /* FirebaseFirestoreSwift in Frameworks */ = {isa = PBXBuildFile; productRef = 3603770C2AF0A54E00892CAF /* FirebaseFirestoreSwift */; };
		3603770F2AF0A54E00892CAF /* FirebaseFunctions in Frameworks */ = {isa = PBXBuildFile; productRef = 3603770E2AF0A54E00892CAF /* FirebaseFunctions */; };
		360377112AF0A54E00892CAF /* FirebasePerformance in Frameworks */ = {isa = PBXBuildFile; productRef = 360377102AF0A54E00892CAF /* FirebasePerformance */; };
		360377132AF0A54E00892CAF /* FirebaseRemoteConfig in Frameworks */ = {isa = PBXBuildFile; productRef = 360377122AF0A54E00892CAF /* FirebaseRemoteConfig */; };
		360377152AF0A54E00892CAF /* FirebaseStorage in Frameworks */ = {isa = PBXBuildFile; productRef = 360377142AF0A54E00892CAF /* FirebaseStorage */; };
/* End PBXBuildFile section */

/* Begin PBXContainerItemProxy section */
		360376E52AF0A4D100892CAF /* PBXContainerItemProxy */ = {
			isa = PBXContainerItemProxy;
			containerPortal = 360376CB2AF0A4D000892CAF /* Project object */;
			proxyType = 1;
			remoteGlobalIDString = 360376D22AF0A4D000892CAF;
			remoteInfo = testApp2;
		};
		360376EF2AF0A4D100892CAF /* PBXContainerItemProxy */ = {
			isa = PBXContainerItemProxy;
			containerPortal = 360376CB2AF0A4D000892CAF /* Project object */;
			proxyType = 1;
			remoteGlobalIDString = 360376D22AF0A4D000892CAF;
			remoteInfo = testApp2;
		};
/* End PBXContainerItemProxy section */

/* Begin PBXFileReference section */
		360376D32AF0A4D000892CAF /* testApp2.app */ = {isa = PBXFileReference; explicitFileType = wrapper.application; includeInIndex = 0; path = testApp2.app; sourceTree = BUILT_PRODUCTS_DIR; };
		360376D62AF0A4D000892CAF /* testApp2App.swift */ = {isa = PBXFileReference; lastKnownFileType = sourcecode.swift; path = testApp2App.swift; sourceTree = "<group>"; };
		360376D82AF0A4D000892CAF /* ContentView.swift */ = {isa = PBXFileReference; lastKnownFileType = sourcecode.swift; path = ContentView.swift; sourceTree = "<group>"; };
		360376DA2AF0A4D100892CAF /* Assets.xcassets */ = {isa = PBXFileReference; lastKnownFileType = folder.assetcatalog; path = Assets.xcassets; sourceTree = "<group>"; };
		360376DC2AF0A4D100892CAF /* testApp2.entitlements */ = {isa = PBXFileReference; lastKnownFileType = text.plist.entitlements; path = testApp2.entitlements; sourceTree = "<group>"; };
		360376DE2AF0A4D100892CAF /* Preview Assets.xcassets */ = {isa = PBXFileReference; lastKnownFileType = folder.assetcatalog; path = "Preview Assets.xcassets"; sourceTree = "<group>"; };
		360376E42AF0A4D100892CAF /* testApp2Tests.xctest */ = {isa = PBXFileReference; explicitFileType = wrapper.cfbundle; includeInIndex = 0; path = testApp2Tests.xctest; sourceTree = BUILT_PRODUCTS_DIR; };
		360376E82AF0A4D100892CAF /* testApp2Tests.swift */ = {isa = PBXFileReference; lastKnownFileType = sourcecode.swift; path = testApp2Tests.swift; sourceTree = "<group>"; };
		360376EE2AF0A4D100892CAF /* testApp2UITests.xctest */ = {isa = PBXFileReference; explicitFileType = wrapper.cfbundle; includeInIndex = 0; path = testApp2UITests.xctest; sourceTree = BUILT_PRODUCTS_DIR; };
		360376F22AF0A4D100892CAF /* testApp2UITests.swift */ = {isa = PBXFileReference; lastKnownFileType = sourcecode.swift; path = testApp2UITests.swift; sourceTree = "<group>"; };
		360376F42AF0A4D100892CAF /* testApp2UITestsLaunchTests.swift */ = {isa = PBXFileReference; lastKnownFileType = sourcecode.swift; path = testApp2UITestsLaunchTests.swift; sourceTree = "<group>"; };
/* End PBXFileReference section */

/* Begin PBXFrameworksBuildPhase section */
		360376D02AF0A4D000892CAF /* Frameworks */ = {
			isa = PBXFrameworksBuildPhase;
			buildActionMask = 2147483647;
			files = (
				360377132AF0A54E00892CAF /* FirebaseRemoteConfig in Frameworks */,
				360377052AF0A54E00892CAF /* FirebaseAppCheck in Frameworks */,
				3603770F2AF0A54E00892CAF /* FirebaseFunctions in Frameworks */,
				360377152AF0A54E00892CAF /* FirebaseStorage in Frameworks */,
				360377092AF0A54E00892CAF /* FirebaseCrashlytics in Frameworks */,
				360377072AF0A54E00892CAF /* FirebaseAuth in Frameworks */,
				3603770B2AF0A54E00892CAF /* FirebaseFirestore in Frameworks */,
				360377032AF0A54E00892CAF /* FirebaseAnalyticsWithoutAdIdSupport in Frameworks */,
				360377112AF0A54E00892CAF /* FirebasePerformance in Frameworks */,
				3603770D2AF0A54E00892CAF /* FirebaseFirestoreSwift in Frameworks */,
			);
			runOnlyForDeploymentPostprocessing = 0;
		};
		360376E12AF0A4D100892CAF /* Frameworks */ = {
			isa = PBXFrameworksBuildPhase;
			buildActionMask = 2147483647;
			files = (
			);
			runOnlyForDeploymentPostprocessing = 0;
		};
		360376EB2AF0A4D100892CAF /* Frameworks */ = {
			isa = PBXFrameworksBuildPhase;
			buildActionMask = 2147483647;
			files = (
			);
			runOnlyForDeploymentPostprocessing = 0;
		};
/* End PBXFrameworksBuildPhase section */

/* Begin PBXGroup section */
		360376CA2AF0A4D000892CAF = {
			isa = PBXGroup;
			children = (
				360376D52AF0A4D000892CAF /* testApp2 */,
				360376E72AF0A4D100892CAF /* testApp2Tests */,
				360376F12AF0A4D100892CAF /* testApp2UITests */,
				360376D42AF0A4D000892CAF /* Products */,
			);
			sourceTree = "<group>";
		};
		360376D42AF0A4D000892CAF /* Products */ = {
			isa = PBXGroup;
			children = (
				360376D32AF0A4D000892CAF /* testApp2.app */,
				360376E42AF0A4D100892CAF /* testApp2Tests.xctest */,
				360376EE2AF0A4D100892CAF /* testApp2UITests.xctest */,
			);
			name = Products;
			sourceTree = "<group>";
		};
		360376D52AF0A4D000892CAF /* testApp2 */ = {
			isa = PBXGroup;
			children = (
				360376D62AF0A4D000892CAF /* testApp2App.swift */,
				360376D82AF0A4D000892CAF /* ContentView.swift */,
				360376DA2AF0A4D100892CAF /* Assets.xcassets */,
				360376DC2AF0A4D100892CAF /* testApp2.entitlements */,
				360376DD2AF0A4D100892CAF /* Preview Content */,
			);
			path = testApp2;
			sourceTree = "<group>";
		};
		360376DD2AF0A4D100892CAF /* Preview Content */ = {
			isa = PBXGroup;
			children = (
				360376DE2AF0A4D100892CAF /* Preview Assets.xcassets */,
			);
			path = "Preview Content";
			sourceTree = "<group>";
		};
		360376E72AF0A4D100892CAF /* testApp2Tests */ = {
			isa = PBXGroup;
			children = (
				360376E82AF0A4D100892CAF /* testApp2Tests.swift */,
			);
			path = testApp2Tests;
			sourceTree = "<group>";
		};
		360376F12AF0A4D100892CAF /* testApp2UITests */ = {
			isa = PBXGroup;
			children = (
				360376F22AF0A4D100892CAF /* testApp2UITests.swift */,
				360376F42AF0A4D100892CAF /* testApp2UITestsLaunchTests.swift */,
			);
			path = testApp2UITests;
			sourceTree = "<group>";
		};
/* End PBXGroup section */

/* Begin PBXNativeTarget section */
		360376D22AF0A4D000892CAF /* testApp2 */ = {
			isa = PBXNativeTarget;
			buildConfigurationList = 360376F82AF0A4D100892CAF /* Build configuration list for PBXNativeTarget "testApp2" */;
			buildPhases = (
				360376CF2AF0A4D000892CAF /* Sources */,
				360376D02AF0A4D000892CAF /* Frameworks */,
				360376D12AF0A4D000892CAF /* Resources */,
			);
			buildRules = (
			);
			dependencies = (
			);
			name = testApp2;
			packageProductDependencies = (
				360377022AF0A54E00892CAF /* FirebaseAnalyticsWithoutAdIdSupport */,
				360377042AF0A54E00892CAF /* FirebaseAppCheck */,
				360377062AF0A54E00892CAF /* FirebaseAuth */,
				360377082AF0A54E00892CAF /* FirebaseCrashlytics */,
				3603770A2AF0A54E00892CAF /* FirebaseFirestore */,
				3603770C2AF0A54E00892CAF /* FirebaseFirestoreSwift */,
				3603770E2AF0A54E00892CAF /* FirebaseFunctions */,
				360377102AF0A54E00892CAF /* FirebasePerformance */,
				360377122AF0A54E00892CAF /* FirebaseRemoteConfig */,
				360377142AF0A54E00892CAF /* FirebaseStorage */,
			);
			productName = testApp2;
			productReference = 360376D32AF0A4D000892CAF /* testApp2.app */;
			productType = "com.apple.product-type.application";
		};
		360376E32AF0A4D100892CAF /* testApp2Tests */ = {
			isa = PBXNativeTarget;
			buildConfigurationList = 360376FB2AF0A4D100892CAF /* Build configuration list for PBXNativeTarget "testApp2Tests" */;
			buildPhases = (
				360376E02AF0A4D100892CAF /* Sources */,
				360376E12AF0A4D100892CAF /* Frameworks */,
				360376E22AF0A4D100892CAF /* Resources */,
			);
			buildRules = (
			);
			dependencies = (
				360376E62AF0A4D100892CAF /* PBXTargetDependency */,
			);
			name = testApp2Tests;
			productName = testApp2Tests;
			productReference = 360376E42AF0A4D100892CAF /* testApp2Tests.xctest */;
			productType = "com.apple.product-type.bundle.unit-test";
		};
		360376ED2AF0A4D100892CAF /* testApp2UITests */ = {
			isa = PBXNativeTarget;
			buildConfigurationList = 360376FE2AF0A4D100892CAF /* Build configuration list for PBXNativeTarget "testApp2UITests" */;
			buildPhases = (
				360376EA2AF0A4D100892CAF /* Sources */,
				360376EB2AF0A4D100892CAF /* Frameworks */,
				360376EC2AF0A4D100892CAF /* Resources */,
			);
			buildRules = (
			);
			dependencies = (
				360376F02AF0A4D100892CAF /* PBXTargetDependency */,
			);
			name = testApp2UITests;
			productName = testApp2UITests;
			productReference = 360376EE2AF0A4D100892CAF /* testApp2UITests.xctest */;
			productType = "com.apple.product-type.bundle.ui-testing";
		};
/* End PBXNativeTarget section */

/* Begin PBXProject section */
		360376CB2AF0A4D000892CAF /* Project object */ = {
			isa = PBXProject;
			attributes = {
				BuildIndependentTargetsInParallel = 1;
				LastSwiftUpdateCheck = 1500;
				LastUpgradeCheck = 1500;
				TargetAttributes = {
					360376D22AF0A4D000892CAF = {
						CreatedOnToolsVersion = 15.0.1;
					};
					360376E32AF0A4D100892CAF = {
						CreatedOnToolsVersion = 15.0.1;
						TestTargetID = 360376D22AF0A4D000892CAF;
					};
					360376ED2AF0A4D100892CAF = {
						CreatedOnToolsVersion = 15.0.1;
						TestTargetID = 360376D22AF0A4D000892CAF;
					};
				};
			};
			buildConfigurationList = 360376CE2AF0A4D000892CAF /* Build configuration list for PBXProject "testApp2" */;
			compatibilityVersion = "Xcode 14.0";
			developmentRegion = en;
			hasScannedForEncodings = 0;
			knownRegions = (
				en,
				Base,
			);
			mainGroup = 360376CA2AF0A4D000892CAF;
			packageReferences = (
				360377012AF0A54E00892CAF /* XCRemoteSwiftPackageReference "firebase-ios-sdk" */,
			);
			productRefGroup = 360376D42AF0A4D000892CAF /* Products */;
			projectDirPath = "";
			projectRoot = "";
			targets = (
				360376D22AF0A4D000892CAF /* testApp2 */,
				360376E32AF0A4D100892CAF /* testApp2Tests */,
				360376ED2AF0A4D100892CAF /* testApp2UITests */,
			);
		};
/* End PBXProject section */

/* Begin PBXResourcesBuildPhase section */
		360376D12AF0A4D000892CAF /* Resources */ = {
			isa = PBXResourcesBuildPhase;
			buildActionMask = 2147483647;
			files = (
				360376DF2AF0A4D100892CAF /* Preview Assets.xcassets in Resources */,
				360376DB2AF0A4D100892CAF /* Assets.xcassets in Resources */,
			);
			runOnlyForDeploymentPostprocessing = 0;
		};
		360376E22AF0A4D100892CAF /* Resources */ = {
			isa = PBXResourcesBuildPhase;
			buildActionMask = 2147483647;
			files = (
			);
			runOnlyForDeploymentPostprocessing = 0;
		};
		360376EC2AF0A4D100892CAF /* Resources */ = {
			isa = PBXResourcesBuildPhase;
			buildActionMask = 2147483647;
			files = (
			);
			runOnlyForDeploymentPostprocessing = 0;
		};
/* End PBXResourcesBuildPhase section */

/* Begin PBXSourcesBuildPhase section */
		360376CF2AF0A4D000892CAF /* Sources */ = {
			isa = PBXSourcesBuildPhase;
			buildActionMask = 2147483647;
			files = (
				360376D92AF0A4D000892CAF /* ContentView.swift in Sources */,
				360376D72AF0A4D000892CAF /* testApp2App.swift in Sources */,
			);
			runOnlyForDeploymentPostprocessing = 0;
		};
		360376E02AF0A4D100892CAF /* Sources */ = {
			isa = PBXSourcesBuildPhase;
			buildActionMask = 2147483647;
			files = (
				360376E92AF0A4D100892CAF /* testApp2Tests.swift in Sources */,
			);
			runOnlyForDeploymentPostprocessing = 0;
		};
		360376EA2AF0A4D100892CAF /* Sources */ = {
			isa = PBXSourcesBuildPhase;
			buildActionMask = 2147483647;
			files = (
				360376F52AF0A4D100892CAF /* testApp2UITestsLaunchTests.swift in Sources */,
				360376F32AF0A4D100892CAF /* testApp2UITests.swift in Sources */,
			);
			runOnlyForDeploymentPostprocessing = 0;
		};
/* End PBXSourcesBuildPhase section */

/* Begin PBXTargetDependency section */
		360376E62AF0A4D100892CAF /* PBXTargetDependency */ = {
			isa = PBXTargetDependency;
			target = 360376D22AF0A4D000892CAF /* testApp2 */;
			targetProxy = 360376E52AF0A4D100892CAF /* PBXContainerItemProxy */;
		};
		360376F02AF0A4D100892CAF /* PBXTargetDependency */ = {
			isa = PBXTargetDependency;
			target = 360376D22AF0A4D000892CAF /* testApp2 */;
			targetProxy = 360376EF2AF0A4D100892CAF /* PBXContainerItemProxy */;
		};
/* End PBXTargetDependency section */

/* Begin XCBuildConfiguration section */
		360376F62AF0A4D100892CAF /* Debug */ = {
			isa = XCBuildConfiguration;
			buildSettings = {
				ALWAYS_SEARCH_USER_PATHS = NO;
				ASSETCATALOG_COMPILER_GENERATE_SWIFT_ASSET_SYMBOL_EXTENSIONS = YES;
				CLANG_ANALYZER_NONNULL = YES;
				CLANG_ANALYZER_NUMBER_OBJECT_CONVERSION = YES_AGGRESSIVE;
				CLANG_CXX_LANGUAGE_STANDARD = "gnu++20";
				CLANG_ENABLE_MODULES = YES;
				CLANG_ENABLE_OBJC_ARC = YES;
				CLANG_ENABLE_OBJC_WEAK = YES;
				CLANG_WARN_BLOCK_CAPTURE_AUTORELEASING = YES;
				CLANG_WARN_BOOL_CONVERSION = YES;
				CLANG_WARN_COMMA = YES;
				CLANG_WARN_CONSTANT_CONVERSION = YES;
				CLANG_WARN_DEPRECATED_OBJC_IMPLEMENTATIONS = YES;
				CLANG_WARN_DIRECT_OBJC_ISA_USAGE = YES_ERROR;
				CLANG_WARN_DOCUMENTATION_COMMENTS = YES;
				CLANG_WARN_EMPTY_BODY = YES;
				CLANG_WARN_ENUM_CONVERSION = YES;
				CLANG_WARN_INFINITE_RECURSION = YES;
				CLANG_WARN_INT_CONVERSION = YES;
				CLANG_WARN_NON_LITERAL_NULL_CONVERSION = YES;
				CLANG_WARN_OBJC_IMPLICIT_RETAIN_SELF = YES;
				CLANG_WARN_OBJC_LITERAL_CONVERSION = YES;
				CLANG_WARN_OBJC_ROOT_CLASS = YES_ERROR;
				CLANG_WARN_QUOTED_INCLUDE_IN_FRAMEWORK_HEADER = YES;
				CLANG_WARN_RANGE_LOOP_ANALYSIS = YES;
				CLANG_WARN_STRICT_PROTOTYPES = YES;
				CLANG_WARN_SUSPICIOUS_MOVE = YES;
				CLANG_WARN_UNGUARDED_AVAILABILITY = YES_AGGRESSIVE;
				CLANG_WARN_UNREACHABLE_CODE = YES;
				CLANG_WARN__DUPLICATE_METHOD_MATCH = YES;
				COPY_PHASE_STRIP = NO;
				DEBUG_INFORMATION_FORMAT = dwarf;
				ENABLE_STRICT_OBJC_MSGSEND = YES;
				ENABLE_TESTABILITY = YES;
				ENABLE_USER_SCRIPT_SANDBOXING = YES;
				GCC_C_LANGUAGE_STANDARD = gnu17;
				GCC_DYNAMIC_NO_PIC = NO;
				GCC_NO_COMMON_BLOCKS = YES;
				GCC_OPTIMIZATION_LEVEL = 0;
				GCC_PREPROCESSOR_DEFINITIONS = (
					"DEBUG=1",
					"$(inherited)",
				);
				GCC_WARN_64_TO_32_BIT_CONVERSION = YES;
				GCC_WARN_ABOUT_RETURN_TYPE = YES_ERROR;
				GCC_WARN_UNDECLARED_SELECTOR = YES;
				GCC_WARN_UNINITIALIZED_AUTOS = YES_AGGRESSIVE;
				GCC_WARN_UNUSED_FUNCTION = YES;
				GCC_WARN_UNUSED_VARIABLE = YES;
				LOCALIZATION_PREFERS_STRING_CATALOGS = YES;
				MTL_ENABLE_DEBUG_INFO = INCLUDE_SOURCE;
				MTL_FAST_MATH = YES;
				ONLY_ACTIVE_ARCH = YES;
				SWIFT_ACTIVE_COMPILATION_CONDITIONS = "DEBUG $(inherited)";
				SWIFT_OPTIMIZATION_LEVEL = "-Onone";
			};
			name = Debug;
		};
		360376F72AF0A4D100892CAF /* Release */ = {
			isa = XCBuildConfiguration;
			buildSettings = {
				ALWAYS_SEARCH_USER_PATHS = NO;
				ASSETCATALOG_COMPILER_GENERATE_SWIFT_ASSET_SYMBOL_EXTENSIONS = YES;
				CLANG_ANALYZER_NONNULL = YES;
				CLANG_ANALYZER_NUMBER_OBJECT_CONVERSION = YES_AGGRESSIVE;
				CLANG_CXX_LANGUAGE_STANDARD = "gnu++20";
				CLANG_ENABLE_MODULES = YES;
				CLANG_ENABLE_OBJC_ARC = YES;
				CLANG_ENABLE_OBJC_WEAK = YES;
				CLANG_WARN_BLOCK_CAPTURE_AUTORELEASING = YES;
				CLANG_WARN_BOOL_CONVERSION = YES;
				CLANG_WARN_COMMA = YES;
				CLANG_WARN_CONSTANT_CONVERSION = YES;
				CLANG_WARN_DEPRECATED_OBJC_IMPLEMENTATIONS = YES;
				CLANG_WARN_DIRECT_OBJC_ISA_USAGE = YES_ERROR;
				CLANG_WARN_DOCUMENTATION_COMMENTS = YES;
				CLANG_WARN_EMPTY_BODY = YES;
				CLANG_WARN_ENUM_CONVERSION = YES;
				CLANG_WARN_INFINITE_RECURSION = YES;
				CLANG_WARN_INT_CONVERSION = YES;
				CLANG_WARN_NON_LITERAL_NULL_CONVERSION = YES;
				CLANG_WARN_OBJC_IMPLICIT_RETAIN_SELF = YES;
				CLANG_WARN_OBJC_LITERAL_CONVERSION = YES;
				CLANG_WARN_OBJC_ROOT_CLASS = YES_ERROR;
				CLANG_WARN_QUOTED_INCLUDE_IN_FRAMEWORK_HEADER = YES;
				CLANG_WARN_RANGE_LOOP_ANALYSIS = YES;
				CLANG_WARN_STRICT_PROTOTYPES = YES;
				CLANG_WARN_SUSPICIOUS_MOVE = YES;
				CLANG_WARN_UNGUARDED_AVAILABILITY = YES_AGGRESSIVE;
				CLANG_WARN_UNREACHABLE_CODE = YES;
				CLANG_WARN__DUPLICATE_METHOD_MATCH = YES;
				COPY_PHASE_STRIP = NO;
				DEBUG_INFORMATION_FORMAT = "dwarf-with-dsym";
				ENABLE_NS_ASSERTIONS = NO;
				ENABLE_STRICT_OBJC_MSGSEND = YES;
				ENABLE_USER_SCRIPT_SANDBOXING = YES;
				GCC_C_LANGUAGE_STANDARD = gnu17;
				GCC_NO_COMMON_BLOCKS = YES;
				GCC_WARN_64_TO_32_BIT_CONVERSION = YES;
				GCC_WARN_ABOUT_RETURN_TYPE = YES_ERROR;
				GCC_WARN_UNDECLARED_SELECTOR = YES;
				GCC_WARN_UNINITIALIZED_AUTOS = YES_AGGRESSIVE;
				GCC_WARN_UNUSED_FUNCTION = YES;
				GCC_WARN_UNUSED_VARIABLE = YES;
				LOCALIZATION_PREFERS_STRING_CATALOGS = YES;
				MTL_ENABLE_DEBUG_INFO = NO;
				MTL_FAST_MATH = YES;
				SWIFT_COMPILATION_MODE = wholemodule;
			};
			name = Release;
		};
		360376F92AF0A4D100892CAF /* Debug */ = {
			isa = XCBuildConfiguration;
			buildSettings = {
				ASSETCATALOG_COMPILER_APPICON_NAME = AppIcon;
				ASSETCATALOG_COMPILER_GLOBAL_ACCENT_COLOR_NAME = AccentColor;
				CODE_SIGN_ENTITLEMENTS = testApp2/testApp2.entitlements;
				CODE_SIGN_STYLE = Automatic;
				CURRENT_PROJECT_VERSION = 1;
				DEVELOPMENT_ASSET_PATHS = "\"testApp2/Preview Content\"";
				DEVELOPMENT_TEAM = L2CMN75ULT;
				ENABLE_HARDENED_RUNTIME = YES;
				ENABLE_PREVIEWS = YES;
				GENERATE_INFOPLIST_FILE = YES;
				"INFOPLIST_KEY_UIApplicationSceneManifest_Generation[sdk=iphoneos*]" = YES;
				"INFOPLIST_KEY_UIApplicationSceneManifest_Generation[sdk=iphonesimulator*]" = YES;
				"INFOPLIST_KEY_UIApplicationSupportsIndirectInputEvents[sdk=iphoneos*]" = YES;
				"INFOPLIST_KEY_UIApplicationSupportsIndirectInputEvents[sdk=iphonesimulator*]" = YES;
				"INFOPLIST_KEY_UILaunchScreen_Generation[sdk=iphoneos*]" = YES;
				"INFOPLIST_KEY_UILaunchScreen_Generation[sdk=iphonesimulator*]" = YES;
				"INFOPLIST_KEY_UIStatusBarStyle[sdk=iphoneos*]" = UIStatusBarStyleDefault;
				"INFOPLIST_KEY_UIStatusBarStyle[sdk=iphonesimulator*]" = UIStatusBarStyleDefault;
				INFOPLIST_KEY_UISupportedInterfaceOrientations_iPad = "UIInterfaceOrientationPortrait UIInterfaceOrientationPortraitUpsideDown UIInterfaceOrientationLandscapeLeft UIInterfaceOrientationLandscapeRight";
				INFOPLIST_KEY_UISupportedInterfaceOrientations_iPhone = "UIInterfaceOrientationPortrait UIInterfaceOrientationLandscapeLeft UIInterfaceOrientationLandscapeRight";
				IPHONEOS_DEPLOYMENT_TARGET = 17.0;
				LD_RUNPATH_SEARCH_PATHS = "@executable_path/Frameworks";
				"LD_RUNPATH_SEARCH_PATHS[sdk=macosx*]" = "@executable_path/../Frameworks";
				MACOSX_DEPLOYMENT_TARGET = 14.0;
				MARKETING_VERSION = 1.0;
				PRODUCT_BUNDLE_IDENTIFIER = com.gorrindo.testApp2;
				PRODUCT_NAME = "$(TARGET_NAME)";
				SDKROOT = auto;
				SUPPORTED_PLATFORMS = "iphoneos iphonesimulator xros xrsimulator";
				SUPPORTS_MACCATALYST = NO;
				SUPPORTS_MAC_DESIGNED_FOR_IPHONE_IPAD = YES;
				SWIFT_EMIT_LOC_STRINGS = YES;
				SWIFT_VERSION = 5.0;
				TARGETED_DEVICE_FAMILY = "1,2,7";
			};
			name = Debug;
		};
		360376FA2AF0A4D100892CAF /* Release */ = {
			isa = XCBuildConfiguration;
			buildSettings = {
				ASSETCATALOG_COMPILER_APPICON_NAME = AppIcon;
				ASSETCATALOG_COMPILER_GLOBAL_ACCENT_COLOR_NAME = AccentColor;
				CODE_SIGN_ENTITLEMENTS = testApp2/testApp2.entitlements;
				CODE_SIGN_STYLE = Automatic;
				CURRENT_PROJECT_VERSION = 1;
				DEVELOPMENT_ASSET_PATHS = "\"testApp2/Preview Content\"";
				DEVELOPMENT_TEAM = L2CMN75ULT;
				ENABLE_HARDENED_RUNTIME = YES;
				ENABLE_PREVIEWS = YES;
				GENERATE_INFOPLIST_FILE = YES;
				"INFOPLIST_KEY_UIApplicationSceneManifest_Generation[sdk=iphoneos*]" = YES;
				"INFOPLIST_KEY_UIApplicationSceneManifest_Generation[sdk=iphonesimulator*]" = YES;
				"INFOPLIST_KEY_UIApplicationSupportsIndirectInputEvents[sdk=iphoneos*]" = YES;
				"INFOPLIST_KEY_UIApplicationSupportsIndirectInputEvents[sdk=iphonesimulator*]" = YES;
				"INFOPLIST_KEY_UILaunchScreen_Generation[sdk=iphoneos*]" = YES;
				"INFOPLIST_KEY_UILaunchScreen_Generation[sdk=iphonesimulator*]" = YES;
				"INFOPLIST_KEY_UIStatusBarStyle[sdk=iphoneos*]" = UIStatusBarStyleDefault;
				"INFOPLIST_KEY_UIStatusBarStyle[sdk=iphonesimulator*]" = UIStatusBarStyleDefault;
				INFOPLIST_KEY_UISupportedInterfaceOrientations_iPad = "UIInterfaceOrientationPortrait UIInterfaceOrientationPortraitUpsideDown UIInterfaceOrientationLandscapeLeft UIInterfaceOrientationLandscapeRight";
				INFOPLIST_KEY_UISupportedInterfaceOrientations_iPhone = "UIInterfaceOrientationPortrait UIInterfaceOrientationLandscapeLeft UIInterfaceOrientationLandscapeRight";
				IPHONEOS_DEPLOYMENT_TARGET = 17.0;
				LD_RUNPATH_SEARCH_PATHS = "@executable_path/Frameworks";
				"LD_RUNPATH_SEARCH_PATHS[sdk=macosx*]" = "@executable_path/../Frameworks";
				MACOSX_DEPLOYMENT_TARGET = 14.0;
				MARKETING_VERSION = 1.0;
				PRODUCT_BUNDLE_IDENTIFIER = com.gorrindo.testApp2;
				PRODUCT_NAME = "$(TARGET_NAME)";
				SDKROOT = auto;
				SUPPORTED_PLATFORMS = "iphoneos iphonesimulator xros xrsimulator";
				SUPPORTS_MACCATALYST = NO;
				SUPPORTS_MAC_DESIGNED_FOR_IPHONE_IPAD = YES;
				SWIFT_EMIT_LOC_STRINGS = YES;
				SWIFT_VERSION = 5.0;
				TARGETED_DEVICE_FAMILY = "1,2,7";
			};
			name = Release;
		};
		360376FC2AF0A4D100892CAF /* Debug */ = {
			isa = XCBuildConfiguration;
			buildSettings = {
				ALWAYS_EMBED_SWIFT_STANDARD_LIBRARIES = YES;
				BUNDLE_LOADER = "$(TEST_HOST)";
				CODE_SIGN_STYLE = Automatic;
				CURRENT_PROJECT_VERSION = 1;
				DEVELOPMENT_TEAM = L2CMN75ULT;
				GENERATE_INFOPLIST_FILE = YES;
				IPHONEOS_DEPLOYMENT_TARGET = 17.0;
				MACOSX_DEPLOYMENT_TARGET = 14.0;
				MARKETING_VERSION = 1.0;
				PRODUCT_BUNDLE_IDENTIFIER = com.gorrindo.testApp2Tests;
				PRODUCT_NAME = "$(TARGET_NAME)";
				SDKROOT = auto;
				SUPPORTED_PLATFORMS = "iphoneos iphonesimulator macosx";
				SWIFT_EMIT_LOC_STRINGS = NO;
				SWIFT_VERSION = 5.0;
				TARGETED_DEVICE_FAMILY = "1,2";
				TEST_HOST = "$(BUILT_PRODUCTS_DIR)/testApp2.app/$(BUNDLE_EXECUTABLE_FOLDER_PATH)/testApp2";
			};
			name = Debug;
		};
		360376FD2AF0A4D100892CAF /* Release */ = {
			isa = XCBuildConfiguration;
			buildSettings = {
				ALWAYS_EMBED_SWIFT_STANDARD_LIBRARIES = YES;
				BUNDLE_LOADER = "$(TEST_HOST)";
				CODE_SIGN_STYLE = Automatic;
				CURRENT_PROJECT_VERSION = 1;
				DEVELOPMENT_TEAM = L2CMN75ULT;
				GENERATE_INFOPLIST_FILE = YES;
				IPHONEOS_DEPLOYMENT_TARGET = 17.0;
				MACOSX_DEPLOYMENT_TARGET = 14.0;
				MARKETING_VERSION = 1.0;
				PRODUCT_BUNDLE_IDENTIFIER = com.gorrindo.testApp2Tests;
				PRODUCT_NAME = "$(TARGET_NAME)";
				SDKROOT = auto;
				SUPPORTED_PLATFORMS = "iphoneos iphonesimulator macosx";
				SWIFT_EMIT_LOC_STRINGS = NO;
				SWIFT_VERSION = 5.0;
				TARGETED_DEVICE_FAMILY = "1,2";
				TEST_HOST = "$(BUILT_PRODUCTS_DIR)/testApp2.app/$(BUNDLE_EXECUTABLE_FOLDER_PATH)/testApp2";
			};
			name = Release;
		};
		360376FF2AF0A4D100892CAF /* Debug */ = {
			isa = XCBuildConfiguration;
			buildSettings = {
				ALWAYS_EMBED_SWIFT_STANDARD_LIBRARIES = YES;
				CODE_SIGN_STYLE = Automatic;
				CURRENT_PROJECT_VERSION = 1;
				DEVELOPMENT_TEAM = L2CMN75ULT;
				GENERATE_INFOPLIST_FILE = YES;
				IPHONEOS_DEPLOYMENT_TARGET = 17.0;
				MACOSX_DEPLOYMENT_TARGET = 14.0;
				MARKETING_VERSION = 1.0;
				PRODUCT_BUNDLE_IDENTIFIER = com.gorrindo.testApp2UITests;
				PRODUCT_NAME = "$(TARGET_NAME)";
				SDKROOT = auto;
				SUPPORTED_PLATFORMS = "iphoneos iphonesimulator macosx";
				SWIFT_EMIT_LOC_STRINGS = NO;
				SWIFT_VERSION = 5.0;
				TARGETED_DEVICE_FAMILY = "1,2";
				TEST_TARGET_NAME = testApp2;
			};
			name = Debug;
		};
		360377002AF0A4D100892CAF /* Release */ = {
			isa = XCBuildConfiguration;
			buildSettings = {
				ALWAYS_EMBED_SWIFT_STANDARD_LIBRARIES = YES;
				CODE_SIGN_STYLE = Automatic;
				CURRENT_PROJECT_VERSION = 1;
				DEVELOPMENT_TEAM = L2CMN75ULT;
				GENERATE_INFOPLIST_FILE = YES;
				IPHONEOS_DEPLOYMENT_TARGET = 17.0;
				MACOSX_DEPLOYMENT_TARGET = 14.0;
				MARKETING_VERSION = 1.0;
				PRODUCT_BUNDLE_IDENTIFIER = com.gorrindo.testApp2UITests;
				PRODUCT_NAME = "$(TARGET_NAME)";
				SDKROOT = auto;
				SUPPORTED_PLATFORMS = "iphoneos iphonesimulator macosx";
				SWIFT_EMIT_LOC_STRINGS = NO;
				SWIFT_VERSION = 5.0;
				TARGETED_DEVICE_FAMILY = "1,2";
				TEST_TARGET_NAME = testApp2;
			};
			name = Release;
		};
/* End XCBuildConfiguration section */

/* Begin XCConfigurationList section */
		360376CE2AF0A4D000892CAF /* Build configuration list for PBXProject "testApp2" */ = {
			isa = XCConfigurationList;
			buildConfigurations = (
				360376F62AF0A4D100892CAF /* Debug */,
				360376F72AF0A4D100892CAF /* Release */,
			);
			defaultConfigurationIsVisible = 0;
			defaultConfigurationName = Release;
		};
		360376F82AF0A4D100892CAF /* Build configuration list for PBXNativeTarget "testApp2" */ = {
			isa = XCConfigurationList;
			buildConfigurations = (
				360376F92AF0A4D100892CAF /* Debug */,
				360376FA2AF0A4D100892CAF /* Release */,
			);
			defaultConfigurationIsVisible = 0;
			defaultConfigurationName = Release;
		};
		360376FB2AF0A4D100892CAF /* Build configuration list for PBXNativeTarget "testApp2Tests" */ = {
			isa = XCConfigurationList;
			buildConfigurations = (
				360376FC2AF0A4D100892CAF /* Debug */,
				360376FD2AF0A4D100892CAF /* Release */,
			);
			defaultConfigurationIsVisible = 0;
			defaultConfigurationName = Release;
		};
		360376FE2AF0A4D100892CAF /* Build configuration list for PBXNativeTarget "testApp2UITests" */ = {
			isa = XCConfigurationList;
			buildConfigurations = (
				360376FF2AF0A4D100892CAF /* Debug */,
				360377002AF0A4D100892CAF /* Release */,
			);
			defaultConfigurationIsVisible = 0;
			defaultConfigurationName = Release;
		};
/* End XCConfigurationList section */

/* Begin XCRemoteSwiftPackageReference section */
		360377012AF0A54E00892CAF /* XCRemoteSwiftPackageReference "firebase-ios-sdk" */ = {
			isa = XCRemoteSwiftPackageReference;
			repositoryURL = "https://github.com/firebase/firebase-ios-sdk";
			requirement = {
				kind = upToNextMajorVersion;
				minimumVersion = 10.17.0;
			};
		};
/* End XCRemoteSwiftPackageReference section */

/* Begin XCSwiftPackageProductDependency section */
		360377022AF0A54E00892CAF /* FirebaseAnalyticsWithoutAdIdSupport */ = {
			isa = XCSwiftPackageProductDependency;
			package = 360377012AF0A54E00892CAF /* XCRemoteSwiftPackageReference "firebase-ios-sdk" */;
			productName = FirebaseAnalyticsWithoutAdIdSupport;
		};
		360377042AF0A54E00892CAF /* FirebaseAppCheck */ = {
			isa = XCSwiftPackageProductDependency;
			package = 360377012AF0A54E00892CAF /* XCRemoteSwiftPackageReference "firebase-ios-sdk" */;
			productName = FirebaseAppCheck;
		};
		360377062AF0A54E00892CAF /* FirebaseAuth */ = {
			isa = XCSwiftPackageProductDependency;
			package = 360377012AF0A54E00892CAF /* XCRemoteSwiftPackageReference "firebase-ios-sdk" */;
			productName = FirebaseAuth;
		};
		360377082AF0A54E00892CAF /* FirebaseCrashlytics */ = {
			isa = XCSwiftPackageProductDependency;
			package = 360377012AF0A54E00892CAF /* XCRemoteSwiftPackageReference "firebase-ios-sdk" */;
			productName = FirebaseCrashlytics;
		};
		3603770A2AF0A54E00892CAF /* FirebaseFirestore */ = {
			isa = XCSwiftPackageProductDependency;
			package = 360377012AF0A54E00892CAF /* XCRemoteSwiftPackageReference "firebase-ios-sdk" */;
			productName = FirebaseFirestore;
		};
		3603770C2AF0A54E00892CAF /* FirebaseFirestoreSwift */ = {
			isa = XCSwiftPackageProductDependency;
			package = 360377012AF0A54E00892CAF /* XCRemoteSwiftPackageReference "firebase-ios-sdk" */;
			productName = FirebaseFirestoreSwift;
		};
		3603770E2AF0A54E00892CAF /* FirebaseFunctions */ = {
			isa = XCSwiftPackageProductDependency;
			package = 360377012AF0A54E00892CAF /* XCRemoteSwiftPackageReference "firebase-ios-sdk" */;
			productName = FirebaseFunctions;
		};
		360377102AF0A54E00892CAF /* FirebasePerformance */ = {
			isa = XCSwiftPackageProductDependency;
			package = 360377012AF0A54E00892CAF /* XCRemoteSwiftPackageReference "firebase-ios-sdk" */;
			productName = FirebasePerformance;
		};
		360377122AF0A54E00892CAF /* FirebaseRemoteConfig */ = {
			isa = XCSwiftPackageProductDependency;
			package = 360377012AF0A54E00892CAF /* XCRemoteSwiftPackageReference "firebase-ios-sdk" */;
			productName = FirebaseRemoteConfig;
		};
		360377142AF0A54E00892CAF /* FirebaseStorage */ = {
			isa = XCSwiftPackageProductDependency;
			package = 360377012AF0A54E00892CAF /* XCRemoteSwiftPackageReference "firebase-ios-sdk" */;
			productName = FirebaseStorage;
		};
/* End XCSwiftPackageProductDependency section */
	};
	rootObject = 360376CB2AF0A4D000892CAF /* Project object */;
}
